PODS:
  - cmark-gfm-swift (0.1.0)
  - Highlightr (2.0.1)

DEPENDENCIES:
  - cmark-gfm-swift (from `https://github.com/lukakerr/cmark-gfm-swift.git`)
  - Highlightr (from `https://github.com/raspu/Highlightr.git`)

EXTERNAL SOURCES:
  cmark-gfm-swift:
    :git: https://github.com/lukakerr/cmark-gfm-swift.git
  Highlightr:
    :git: https://github.com/raspu/Highlightr.git

CHECKOUT OPTIONS:
  cmark-gfm-swift:
    :commit: 9e9f8dfba1a54fbe10f2acadfbea6b8252bd3cf0
    :git: https://github.com/lukakerr/cmark-gfm-swift.git
  Highlightr:
    :commit: bd57404c28527b4d40ee15ce9f61fad734ad50a1
    :git: https://github.com/raspu/Highlightr.git

SPEC CHECKSUMS:
  cmark-gfm-swift: 9915dfe0cd7feda740ab01fc2a1882989b6d5128
  Highlightr: 8162b4faba588963fb8852390ea9a78f166a6b99

PODFILE CHECKSUM: 2c99696728f270e3b87440c948c2a2549e692d9a

COCOAPODS: 1.5.0
