// !$*UTF8*$!
{
	archiveVersion = 1;
	classes = {
	};
	objectVersion = 50;
	objects = {

/* Begin PBXBuildFile section */
		588095572A370959E97BFD12 /* Pods_Pine.framework in Frameworks */ = {isa = PBXBuildFile; fileRef = B66B7DAE689A6827E658233B /* Pods_Pine.framework */; };
		8F34580B873BD2CCD033F53B /* Pods_Pine.framework in Frameworks */ = {isa = PBXBuildFile; fileRef = 300B3A71DC5543C53B684729 /* Pods_Pine.framework */; };
		A104782520E7338800E0930A /* FileSystemItem.swift in Sources */ = {isa = PBXBuildFile; fileRef = A104782420E7338800E0930A /* FileSystemItem.swift */; };
		A10B86DD2227BB3E000656DD /* PreferencesSplitViewController.swift in Sources */ = {isa = PBXBuildFile; fileRef = A10B86DC2227BB3E000656DD /* PreferencesSplitViewController.swift */; };
		A10B86DF2227BB6E000656DD /* PreferencesSidebarViewController.swift in Sources */ = {isa = PBXBuildFile; fileRef = A10B86DE2227BB6E000656DD /* PreferencesSidebarViewController.swift */; };
		A10B86E12227BB8F000656DD /* PreferencesViewController.swift in Sources */ = {isa = PBXBuildFile; fileRef = A10B86E02227BB8F000656DD /* PreferencesViewController.swift */; };
		A111013D20E85D9A001EBEDE /* SaveError.swift in Sources */ = {isa = PBXBuildFile; fileRef = A111013C20E85D9A001EBEDE /* SaveError.swift */; };
		A111014120E8B8A4001EBEDE /* SidebarView.swift in Sources */ = {isa = PBXBuildFile; fileRef = A111014020E8B8A4001EBEDE /* SidebarView.swift */; };
		A1150D2220E858E400536336 /* String.swift in Sources */ = {isa = PBXBuildFile; fileRef = A1150D2120E858E400536336 /* String.swift */; };
		A124783C2233356400CA7A67 /* File.icns in Resources */ = {isa = PBXBuildFile; fileRef = A124783B2233356300CA7A67 /* File.icns */; };
		A127E31E20DF0F8400E13795 /* SidebarViewController.swift in Sources */ = {isa = PBXBuildFile; fileRef = A127E31D20DF0F8400E13795 /* SidebarViewController.swift */; };
		A127E32020DF13FA00E13795 /* OpenDocuments.swift in Sources */ = {isa = PBXBuildFile; fileRef = A127E31F20DF13FA00E13795 /* OpenDocuments.swift */; };
		A13B2E8B22322CBD00F24A84 /* MarkdownTextView.swift in Sources */ = {isa = PBXBuildFile; fileRef = A13B2E8A22322CBD00F24A84 /* MarkdownTextView.swift */; };
		A13B2E8D2232314000F24A84 /* URL.swift in Sources */ = {isa = PBXBuildFile; fileRef = A13B2E8C2232314000F24A84 /* URL.swift */; };
		A13C23F8209153E1008557D0 /* ReferenceWindowController.swift in Sources */ = {isa = PBXBuildFile; fileRef = A13C23F7209153E1008557D0 /* ReferenceWindowController.swift */; };
		A13C23FA209167F0008557D0 /* NSColor.swift in Sources */ = {isa = PBXBuildFile; fileRef = A13C23F9209167F0008557D0 /* NSColor.swift */; };
		A13C23FC20919672008557D0 /* PreviewViewController.swift in Sources */ = {isa = PBXBuildFile; fileRef = A13C23FB20919672008557D0 /* PreviewViewController.swift */; };
		A148C3A020914F0F00B1165C /* SyntaxThemes.swift in Sources */ = {isa = PBXBuildFile; fileRef = A148C39F20914F0F00B1165C /* SyntaxThemes.swift */; };
		A148E4232231F066001AEAAC /* PreferenceKey.swift in Sources */ = {isa = PBXBuildFile; fileRef = A148E4222231F066001AEAAC /* PreferenceKey.swift */; };
		A148E4252231F7D7001AEAAC /* NSButton.swift in Sources */ = {isa = PBXBuildFile; fileRef = A148E4242231F7D7001AEAAC /* NSButton.swift */; };
		A156AF812090606C0098BBDD /* AppDelegate.swift in Sources */ = {isa = PBXBuildFile; fileRef = A156AF802090606C0098BBDD /* AppDelegate.swift */; };
		A156AF832090606C0098BBDD /* MarkdownViewController.swift in Sources */ = {isa = PBXBuildFile; fileRef = A156AF822090606C0098BBDD /* MarkdownViewController.swift */; };
		A156AF852090606C0098BBDD /* Document.swift in Sources */ = {isa = PBXBuildFile; fileRef = A156AF842090606C0098BBDD /* Document.swift */; };
		A156AF872090606C0098BBDD /* Assets.xcassets in Resources */ = {isa = PBXBuildFile; fileRef = A156AF862090606C0098BBDD /* Assets.xcassets */; };
		A156AF8A2090606D0098BBDD /* Main.storyboard in Resources */ = {isa = PBXBuildFile; fileRef = A156AF882090606D0098BBDD /* Main.storyboard */; };
		A156AF962090606D0098BBDD /* TextViewTests.swift in Sources */ = {isa = PBXBuildFile; fileRef = A156AF952090606D0098BBDD /* TextViewTests.swift */; };
		A156AFA12090606D0098BBDD /* InitialOpenUITests.swift in Sources */ = {isa = PBXBuildFile; fileRef = A156AFA02090606D0098BBDD /* InitialOpenUITests.swift */; };
		A156AFAF209061D60098BBDD /* PineWindowController.swift in Sources */ = {isa = PBXBuildFile; fileRef = A156AFAE209061D60098BBDD /* PineWindowController.swift */; };
		A156AFB120908ECE0098BBDD /* Theme.swift in Sources */ = {isa = PBXBuildFile; fileRef = A156AFB020908ECE0098BBDD /* Theme.swift */; };
		A1682E87209097E700164D78 /* NSMutableAttributedString.swift in Sources */ = {isa = PBXBuildFile; fileRef = A1682E86209097E700164D78 /* NSMutableAttributedString.swift */; };
		A1767B04220FC2DD00ED1A61 /* StringTests.swift in Sources */ = {isa = PBXBuildFile; fileRef = A1767B03220FC2DD00ED1A61 /* StringTests.swift */; };
		A1767B06220FC44D00ED1A61 /* NSColorTests.swift in Sources */ = {isa = PBXBuildFile; fileRef = A1767B05220FC44D00ED1A61 /* NSColorTests.swift */; };
		A182096E20919F6000016AD5 /* HTML.swift in Sources */ = {isa = PBXBuildFile; fileRef = A182096D20919F6000016AD5 /* HTML.swift */; };
		A182AFAF220F8D8000C14B2B /* NSView.swift in Sources */ = {isa = PBXBuildFile; fileRef = A182AFAE220F8D8000C14B2B /* NSView.swift */; };
		A189EA742091E4F300DB0559 /* Markdown.css in Resources */ = {isa = PBXBuildFile; fileRef = A189EA732091E4E300DB0559 /* Markdown.css */; };
		A18A0406209585C8006F6B99 /* Debouncer.swift in Sources */ = {isa = PBXBuildFile; fileRef = A18A0405209585C8006F6B99 /* Debouncer.swift */; };
		A18A040820958C8B006F6B99 /* Preferences.swift in Sources */ = {isa = PBXBuildFile; fileRef = A18A040720958C8B006F6B99 /* Preferences.swift */; };
		A18A040A20958EB6006F6B99 /* Int.swift in Sources */ = {isa = PBXBuildFile; fileRef = A18A040920958EB6006F6B99 /* Int.swift */; };
		A1904E9E22288AB80004FB82 /* DocumentStackView.swift in Sources */ = {isa = PBXBuildFile; fileRef = A1904E9D22288AB80004FB82 /* DocumentStackView.swift */; };
		A1904EA022289B510004FB82 /* Bool.swift in Sources */ = {isa = PBXBuildFile; fileRef = A1904E9F22289B510004FB82 /* Bool.swift */; };
		A1904EA42228A06C0004FB82 /* PreferenceCategory.swift in Sources */ = {isa = PBXBuildFile; fileRef = A1904EA32228A06C0004FB82 /* PreferenceCategory.swift */; };
		A1904EA82228A6EF0004FB82 /* PreferencesWindowController.swift in Sources */ = {isa = PBXBuildFile; fileRef = A1904EA72228A6EF0004FB82 /* PreferencesWindowController.swift */; };
		A1904EAB2228B6A40004FB82 /* Utils.swift in Sources */ = {isa = PBXBuildFile; fileRef = A1904EAA2228B6A40004FB82 /* Utils.swift */; };
		A198047320DB64BA0066FDA6 /* MarkdownView.swift in Sources */ = {isa = PBXBuildFile; fileRef = A198047220DB64BA0066FDA6 /* MarkdownView.swift */; };
		A198047520DB7B2E0066FDA6 /* NotificationCenter.swift in Sources */ = {isa = PBXBuildFile; fileRef = A198047420DB7B2E0066FDA6 /* NotificationCenter.swift */; };
		A1A7C05420EA304A003D8DB6 /* NSAppearance.swift in Sources */ = {isa = PBXBuildFile; fileRef = A1A7C05320EA304A003D8DB6 /* NSAppearance.swift */; };
		A1AE9BA92220AD0E00560137 /* NSTouchBar.swift in Sources */ = {isa = PBXBuildFile; fileRef = A1AE9BA82220AD0E00560137 /* NSTouchBar.swift */; };
		A1C26721221F9CE0006B5116 /* RELEASE.md in Resources */ = {isa = PBXBuildFile; fileRef = A1C2671F221F9CDF006B5116 /* RELEASE.md */; };
		A1C26722221F9CE0006B5116 /* MARKDOWN_REFERENCE.md in Resources */ = {isa = PBXBuildFile; fileRef = A1C26720221F9CDF006B5116 /* MARKDOWN_REFERENCE.md */; };
		A1C4020C221F851B00E3DBCC /* Reference.html in Resources */ = {isa = PBXBuildFile; fileRef = A1C4020B221F851B00E3DBCC /* Reference.html */; };
		A1C40210221F868200E3DBCC /* ReferenceViewController.swift in Sources */ = {isa = PBXBuildFile; fileRef = A1C4020F221F868200E3DBCC /* ReferenceViewController.swift */; };
		A1C65D82221179230053C422 /* DocumentController.swift in Sources */ = {isa = PBXBuildFile; fileRef = A1C65D81221179230053C422 /* DocumentController.swift */; };
		A1C65FB620DE2B0D00326C60 /* Alert.swift in Sources */ = {isa = PBXBuildFile; fileRef = A1C65FB520DE2B0D00326C60 /* Alert.swift */; };
		A1D4A0382234C77A00E2159A /* SidebarTableRowView.swift in Sources */ = {isa = PBXBuildFile; fileRef = A1D4A0372234C77A00E2159A /* SidebarTableRowView.swift */; };
		A1D5466420D4D9CC00D1221A /* Exporter.swift in Sources */ = {isa = PBXBuildFile; fileRef = A1D5466320D4D9CC00D1221A /* Exporter.swift */; };
		A1E647DC20D1E9C000F32E55 /* EditorSplitView.swift in Sources */ = {isa = PBXBuildFile; fileRef = A1E647DB20D1E9C000F32E55 /* EditorSplitView.swift */; };
		A1EDC59F2183C231007153CA /* NSTextView.swift in Sources */ = {isa = PBXBuildFile; fileRef = A1EDC59E2183C231007153CA /* NSTextView.swift */; };
		A1F122DF20DE0D27007DFD1A /* FileSaver.swift in Sources */ = {isa = PBXBuildFile; fileRef = A1F122DE20DE0D27007DFD1A /* FileSaver.swift */; };
		A1FB7A9A2227DC5900DC2E0E /* UIStackView.swift in Sources */ = {isa = PBXBuildFile; fileRef = A1FB7A992227DC5900DC2E0E /* UIStackView.swift */; };
		A1FB7A9E2227DFCB00DC2E0E /* PreferencesStackView.swift in Sources */ = {isa = PBXBuildFile; fileRef = A1FB7A9D2227DFCB00DC2E0E /* PreferencesStackView.swift */; };
		A1FB7AA02227EE9300DC2E0E /* PreferencesRoundedButton.swift in Sources */ = {isa = PBXBuildFile; fileRef = A1FB7A9F2227EE9300DC2E0E /* PreferencesRoundedButton.swift */; };
		A1FB7AA22227EEEF00DC2E0E /* PreferencesSwitchButton.swift in Sources */ = {isa = PBXBuildFile; fileRef = A1FB7AA12227EEEF00DC2E0E /* PreferencesSwitchButton.swift */; };
		A1FB7AA52227F5B100DC2E0E /* MarkdownStackView.swift in Sources */ = {isa = PBXBuildFile; fileRef = A1FB7AA42227F5B100DC2E0E /* MarkdownStackView.swift */; };
		A1FD269A20932CDD004D1C95 /* highlight-js in Resources */ = {isa = PBXBuildFile; fileRef = A1FD269820932CDC004D1C95 /* highlight-js */; };
/* End PBXBuildFile section */

/* Begin PBXContainerItemProxy section */
		A156AF922090606D0098BBDD /* PBXContainerItemProxy */ = {
			isa = PBXContainerItemProxy;
			containerPortal = A156AF752090606C0098BBDD /* Project object */;
			proxyType = 1;
			remoteGlobalIDString = A156AF7C2090606C0098BBDD;
			remoteInfo = Pine;
		};
		A156AF9D2090606D0098BBDD /* PBXContainerItemProxy */ = {
			isa = PBXContainerItemProxy;
			containerPortal = A156AF752090606C0098BBDD /* Project object */;
			proxyType = 1;
			remoteGlobalIDString = A156AF7C2090606C0098BBDD;
			remoteInfo = Pine;
		};
/* End PBXContainerItemProxy section */

/* Begin PBXFileReference section */
		300B3A71DC5543C53B684729 /* Pods_Pine.framework */ = {isa = PBXFileReference; explicitFileType = wrapper.framework; includeInIndex = 0; path = Pods_Pine.framework; sourceTree = BUILT_PRODUCTS_DIR; };
		8DB191E8E2AB43CED7C8E01D /* Pods-Pine.release.xcconfig */ = {isa = PBXFileReference; includeInIndex = 1; lastKnownFileType = text.xcconfig; name = "Pods-Pine.release.xcconfig"; path = "Pods/Target Support Files/Pods-Pine/Pods-Pine.release.xcconfig"; sourceTree = "<group>"; };
		A104782420E7338800E0930A /* FileSystemItem.swift */ = {isa = PBXFileReference; lastKnownFileType = sourcecode.swift; path = FileSystemItem.swift; sourceTree = "<group>"; };
		A10B86DC2227BB3E000656DD /* PreferencesSplitViewController.swift */ = {isa = PBXFileReference; lastKnownFileType = sourcecode.swift; path = PreferencesSplitViewController.swift; sourceTree = "<group>"; };
		A10B86DE2227BB6E000656DD /* PreferencesSidebarViewController.swift */ = {isa = PBXFileReference; lastKnownFileType = sourcecode.swift; path = PreferencesSidebarViewController.swift; sourceTree = "<group>"; };
		A10B86E02227BB8F000656DD /* PreferencesViewController.swift */ = {isa = PBXFileReference; lastKnownFileType = sourcecode.swift; path = PreferencesViewController.swift; sourceTree = "<group>"; };
		A111013C20E85D9A001EBEDE /* SaveError.swift */ = {isa = PBXFileReference; lastKnownFileType = sourcecode.swift; path = SaveError.swift; sourceTree = "<group>"; };
		A111014020E8B8A4001EBEDE /* SidebarView.swift */ = {isa = PBXFileReference; lastKnownFileType = sourcecode.swift; path = SidebarView.swift; sourceTree = "<group>"; };
		A1150D2120E858E400536336 /* String.swift */ = {isa = PBXFileReference; lastKnownFileType = sourcecode.swift; path = String.swift; sourceTree = "<group>"; };
		A124783B2233356300CA7A67 /* File.icns */ = {isa = PBXFileReference; lastKnownFileType = image.icns; path = File.icns; sourceTree = "<group>"; };
		A127E31D20DF0F8400E13795 /* SidebarViewController.swift */ = {isa = PBXFileReference; lastKnownFileType = sourcecode.swift; path = SidebarViewController.swift; sourceTree = "<group>"; };
		A127E31F20DF13FA00E13795 /* OpenDocuments.swift */ = {isa = PBXFileReference; lastKnownFileType = sourcecode.swift; path = OpenDocuments.swift; sourceTree = "<group>"; };
		A13B2E8A22322CBD00F24A84 /* MarkdownTextView.swift */ = {isa = PBXFileReference; lastKnownFileType = sourcecode.swift; path = MarkdownTextView.swift; sourceTree = "<group>"; };
		A13B2E8C2232314000F24A84 /* URL.swift */ = {isa = PBXFileReference; lastKnownFileType = sourcecode.swift; path = URL.swift; sourceTree = "<group>"; };
		A13C23F7209153E1008557D0 /* ReferenceWindowController.swift */ = {isa = PBXFileReference; lastKnownFileType = sourcecode.swift; path = ReferenceWindowController.swift; sourceTree = "<group>"; };
		A13C23F9209167F0008557D0 /* NSColor.swift */ = {isa = PBXFileReference; lastKnownFileType = sourcecode.swift; path = NSColor.swift; sourceTree = "<group>"; };
		A13C23FB20919672008557D0 /* PreviewViewController.swift */ = {isa = PBXFileReference; lastKnownFileType = sourcecode.swift; path = PreviewViewController.swift; sourceTree = "<group>"; };
		A148C39F20914F0F00B1165C /* SyntaxThemes.swift */ = {isa = PBXFileReference; lastKnownFileType = sourcecode.swift; path = SyntaxThemes.swift; sourceTree = "<group>"; };
		A148E4222231F066001AEAAC /* PreferenceKey.swift */ = {isa = PBXFileReference; lastKnownFileType = sourcecode.swift; path = PreferenceKey.swift; sourceTree = "<group>"; };
		A148E4242231F7D7001AEAAC /* NSButton.swift */ = {isa = PBXFileReference; lastKnownFileType = sourcecode.swift; path = NSButton.swift; sourceTree = "<group>"; };
		A156AF7D2090606C0098BBDD /* Pine.app */ = {isa = PBXFileReference; explicitFileType = wrapper.application; includeInIndex = 0; path = Pine.app; sourceTree = BUILT_PRODUCTS_DIR; };
		A156AF802090606C0098BBDD /* AppDelegate.swift */ = {isa = PBXFileReference; lastKnownFileType = sourcecode.swift; path = AppDelegate.swift; sourceTree = "<group>"; };
		A156AF822090606C0098BBDD /* MarkdownViewController.swift */ = {isa = PBXFileReference; lastKnownFileType = sourcecode.swift; path = MarkdownViewController.swift; sourceTree = "<group>"; };
		A156AF842090606C0098BBDD /* Document.swift */ = {isa = PBXFileReference; lastKnownFileType = sourcecode.swift; path = Document.swift; sourceTree = "<group>"; };
		A156AF862090606C0098BBDD /* Assets.xcassets */ = {isa = PBXFileReference; lastKnownFileType = folder.assetcatalog; path = Assets.xcassets; sourceTree = "<group>"; };
		A156AF892090606D0098BBDD /* Base */ = {isa = PBXFileReference; lastKnownFileType = file.storyboard; name = Base; path = Base.lproj/Main.storyboard; sourceTree = "<group>"; };
		A156AF8B2090606D0098BBDD /* Info.plist */ = {isa = PBXFileReference; lastKnownFileType = text.plist.xml; path = Info.plist; sourceTree = "<group>"; };
		A156AF912090606D0098BBDD /* PineTests.xctest */ = {isa = PBXFileReference; explicitFileType = wrapper.cfbundle; includeInIndex = 0; path = PineTests.xctest; sourceTree = BUILT_PRODUCTS_DIR; };
		A156AF952090606D0098BBDD /* TextViewTests.swift */ = {isa = PBXFileReference; lastKnownFileType = sourcecode.swift; path = TextViewTests.swift; sourceTree = "<group>"; };
		A156AF972090606D0098BBDD /* Info.plist */ = {isa = PBXFileReference; lastKnownFileType = text.plist.xml; path = Info.plist; sourceTree = "<group>"; };
		A156AF9C2090606D0098BBDD /* PineUITests.xctest */ = {isa = PBXFileReference; explicitFileType = wrapper.cfbundle; includeInIndex = 0; path = PineUITests.xctest; sourceTree = BUILT_PRODUCTS_DIR; };
		A156AFA02090606D0098BBDD /* InitialOpenUITests.swift */ = {isa = PBXFileReference; lastKnownFileType = sourcecode.swift; path = InitialOpenUITests.swift; sourceTree = "<group>"; };
		A156AFA22090606D0098BBDD /* Info.plist */ = {isa = PBXFileReference; lastKnownFileType = text.plist.xml; path = Info.plist; sourceTree = "<group>"; };
		A156AFAE209061D60098BBDD /* PineWindowController.swift */ = {isa = PBXFileReference; lastKnownFileType = sourcecode.swift; path = PineWindowController.swift; sourceTree = "<group>"; };
		A156AFB020908ECE0098BBDD /* Theme.swift */ = {isa = PBXFileReference; lastKnownFileType = sourcecode.swift; path = Theme.swift; sourceTree = "<group>"; };
		A1682E86209097E700164D78 /* NSMutableAttributedString.swift */ = {isa = PBXFileReference; lastKnownFileType = sourcecode.swift; path = NSMutableAttributedString.swift; sourceTree = "<group>"; };
		A1767B03220FC2DD00ED1A61 /* StringTests.swift */ = {isa = PBXFileReference; lastKnownFileType = sourcecode.swift; path = StringTests.swift; sourceTree = "<group>"; };
		A1767B05220FC44D00ED1A61 /* NSColorTests.swift */ = {isa = PBXFileReference; lastKnownFileType = sourcecode.swift; path = NSColorTests.swift; sourceTree = "<group>"; };
		A182096D20919F6000016AD5 /* HTML.swift */ = {isa = PBXFileReference; lastKnownFileType = sourcecode.swift; path = HTML.swift; sourceTree = "<group>"; };
		A182AFAE220F8D8000C14B2B /* NSView.swift */ = {isa = PBXFileReference; lastKnownFileType = sourcecode.swift; path = NSView.swift; sourceTree = "<group>"; };
		A189EA732091E4E300DB0559 /* Markdown.css */ = {isa = PBXFileReference; lastKnownFileType = text.css; path = Markdown.css; sourceTree = "<group>"; };
		A18A0405209585C8006F6B99 /* Debouncer.swift */ = {isa = PBXFileReference; lastKnownFileType = sourcecode.swift; path = Debouncer.swift; sourceTree = "<group>"; };
		A18A040720958C8B006F6B99 /* Preferences.swift */ = {isa = PBXFileReference; lastKnownFileType = sourcecode.swift; path = Preferences.swift; sourceTree = "<group>"; };
		A18A040920958EB6006F6B99 /* Int.swift */ = {isa = PBXFileReference; lastKnownFileType = sourcecode.swift; path = Int.swift; sourceTree = "<group>"; };
		A1904E9D22288AB80004FB82 /* DocumentStackView.swift */ = {isa = PBXFileReference; lastKnownFileType = sourcecode.swift; path = DocumentStackView.swift; sourceTree = "<group>"; };
		A1904E9F22289B510004FB82 /* Bool.swift */ = {isa = PBXFileReference; lastKnownFileType = sourcecode.swift; path = Bool.swift; sourceTree = "<group>"; };
		A1904EA32228A06C0004FB82 /* PreferenceCategory.swift */ = {isa = PBXFileReference; lastKnownFileType = sourcecode.swift; path = PreferenceCategory.swift; sourceTree = "<group>"; };
		A1904EA72228A6EF0004FB82 /* PreferencesWindowController.swift */ = {isa = PBXFileReference; lastKnownFileType = sourcecode.swift; path = PreferencesWindowController.swift; sourceTree = "<group>"; };
		A1904EAA2228B6A40004FB82 /* Utils.swift */ = {isa = PBXFileReference; lastKnownFileType = sourcecode.swift; path = Utils.swift; sourceTree = "<group>"; };
		A198047220DB64BA0066FDA6 /* MarkdownView.swift */ = {isa = PBXFileReference; lastKnownFileType = sourcecode.swift; path = MarkdownView.swift; sourceTree = "<group>"; };
		A198047420DB7B2E0066FDA6 /* NotificationCenter.swift */ = {isa = PBXFileReference; lastKnownFileType = sourcecode.swift; path = NotificationCenter.swift; sourceTree = "<group>"; };
		A1A7C05320EA304A003D8DB6 /* NSAppearance.swift */ = {isa = PBXFileReference; lastKnownFileType = sourcecode.swift; path = NSAppearance.swift; sourceTree = "<group>"; };
		A1AE9BA82220AD0E00560137 /* NSTouchBar.swift */ = {isa = PBXFileReference; lastKnownFileType = sourcecode.swift; path = NSTouchBar.swift; sourceTree = "<group>"; };
		A1C2671F221F9CDF006B5116 /* RELEASE.md */ = {isa = PBXFileReference; fileEncoding = 4; lastKnownFileType = net.daringfireball.markdown; path = RELEASE.md; sourceTree = "<group>"; };
		A1C26720221F9CDF006B5116 /* MARKDOWN_REFERENCE.md */ = {isa = PBXFileReference; fileEncoding = 4; lastKnownFileType = net.daringfireball.markdown; path = MARKDOWN_REFERENCE.md; sourceTree = "<group>"; };
		A1C4020B221F851B00E3DBCC /* Reference.html */ = {isa = PBXFileReference; fileEncoding = 4; lastKnownFileType = text.html; path = Reference.html; sourceTree = "<group>"; };
		A1C4020F221F868200E3DBCC /* ReferenceViewController.swift */ = {isa = PBXFileReference; lastKnownFileType = sourcecode.swift; path = ReferenceViewController.swift; sourceTree = "<group>"; };
		A1C65D81221179230053C422 /* DocumentController.swift */ = {isa = PBXFileReference; lastKnownFileType = sourcecode.swift; path = DocumentController.swift; sourceTree = "<group>"; };
		A1C65FB520DE2B0D00326C60 /* Alert.swift */ = {isa = PBXFileReference; lastKnownFileType = sourcecode.swift; path = Alert.swift; sourceTree = "<group>"; };
		A1D4A0372234C77A00E2159A /* SidebarTableRowView.swift */ = {isa = PBXFileReference; lastKnownFileType = sourcecode.swift; path = SidebarTableRowView.swift; sourceTree = "<group>"; };
		A1D5466320D4D9CC00D1221A /* Exporter.swift */ = {isa = PBXFileReference; lastKnownFileType = sourcecode.swift; path = Exporter.swift; sourceTree = "<group>"; };
		A1E647DB20D1E9C000F32E55 /* EditorSplitView.swift */ = {isa = PBXFileReference; lastKnownFileType = sourcecode.swift; path = EditorSplitView.swift; sourceTree = "<group>"; };
		A1EDC59E2183C231007153CA /* NSTextView.swift */ = {isa = PBXFileReference; lastKnownFileType = sourcecode.swift; path = NSTextView.swift; sourceTree = "<group>"; };
		A1F122DE20DE0D27007DFD1A /* FileSaver.swift */ = {isa = PBXFileReference; lastKnownFileType = sourcecode.swift; path = FileSaver.swift; sourceTree = "<group>"; };
		A1FB7A992227DC5900DC2E0E /* UIStackView.swift */ = {isa = PBXFileReference; lastKnownFileType = sourcecode.swift; path = UIStackView.swift; sourceTree = "<group>"; };
		A1FB7A9D2227DFCB00DC2E0E /* PreferencesStackView.swift */ = {isa = PBXFileReference; lastKnownFileType = sourcecode.swift; path = PreferencesStackView.swift; sourceTree = "<group>"; };
		A1FB7A9F2227EE9300DC2E0E /* PreferencesRoundedButton.swift */ = {isa = PBXFileReference; lastKnownFileType = sourcecode.swift; path = PreferencesRoundedButton.swift; sourceTree = "<group>"; };
		A1FB7AA12227EEEF00DC2E0E /* PreferencesSwitchButton.swift */ = {isa = PBXFileReference; lastKnownFileType = sourcecode.swift; path = PreferencesSwitchButton.swift; sourceTree = "<group>"; };
		A1FB7AA42227F5B100DC2E0E /* MarkdownStackView.swift */ = {isa = PBXFileReference; lastKnownFileType = sourcecode.swift; path = MarkdownStackView.swift; sourceTree = "<group>"; };
		A1FD269820932CDC004D1C95 /* highlight-js */ = {isa = PBXFileReference; lastKnownFileType = folder; path = "highlight-js"; sourceTree = "<group>"; };
		B2BE6FC4D33EB0DD8E860B17 /* Pods-Pine.debug.xcconfig */ = {isa = PBXFileReference; includeInIndex = 1; lastKnownFileType = text.xcconfig; name = "Pods-Pine.debug.xcconfig"; path = "Pods/Target Support Files/Pods-Pine/Pods-Pine.debug.xcconfig"; sourceTree = "<group>"; };
		B66B7DAE689A6827E658233B /* Pods_Pine.framework */ = {isa = PBXFileReference; explicitFileType = wrapper.framework; includeInIndex = 0; path = Pods_Pine.framework; sourceTree = BUILT_PRODUCTS_DIR; };
		CEB8F75868608EE6AE483A4C /* Pods-Pine.debug.xcconfig */ = {isa = PBXFileReference; includeInIndex = 1; lastKnownFileType = text.xcconfig; name = "Pods-Pine.debug.xcconfig"; path = "Pods/Target Support Files/Pods-Pine/Pods-Pine.debug.xcconfig"; sourceTree = "<group>"; };
		DE61D6DEDFEA5C5AF04564BE /* Pods-Pine.release.xcconfig */ = {isa = PBXFileReference; includeInIndex = 1; lastKnownFileType = text.xcconfig; name = "Pods-Pine.release.xcconfig"; path = "Pods/Target Support Files/Pods-Pine/Pods-Pine.release.xcconfig"; sourceTree = "<group>"; };
/* End PBXFileReference section */

/* Begin PBXFrameworksBuildPhase section */
		A156AF7A2090606C0098BBDD /* Frameworks */ = {
			isa = PBXFrameworksBuildPhase;
			buildActionMask = 2147483647;
			files = (
				8F34580B873BD2CCD033F53B /* Pods_Pine.framework in Frameworks */,
				588095572A370959E97BFD12 /* Pods_Pine.framework in Frameworks */,
			);
			runOnlyForDeploymentPostprocessing = 0;
		};
		A156AF8E2090606D0098BBDD /* Frameworks */ = {
			isa = PBXFrameworksBuildPhase;
			buildActionMask = 2147483647;
			files = (
			);
			runOnlyForDeploymentPostprocessing = 0;
		};
		A156AF992090606D0098BBDD /* Frameworks */ = {
			isa = PBXFrameworksBuildPhase;
			buildActionMask = 2147483647;
			files = (
			);
			runOnlyForDeploymentPostprocessing = 0;
		};
/* End PBXFrameworksBuildPhase section */

/* Begin PBXGroup section */
		A10B86DB2227BB2E000656DD /* Preferences */ = {
			isa = PBXGroup;
			children = (
				A10B86DE2227BB6E000656DD /* PreferencesSidebarViewController.swift */,
				A10B86DC2227BB3E000656DD /* PreferencesSplitViewController.swift */,
				A10B86E02227BB8F000656DD /* PreferencesViewController.swift */,
				A1904EA72228A6EF0004FB82 /* PreferencesWindowController.swift */,
			);
			path = Preferences;
			sourceTree = "<group>";
		};
		A111013B20E85D87001EBEDE /* Enums */ = {
			isa = PBXGroup;
			children = (
				A111013C20E85D9A001EBEDE /* SaveError.swift */,
				A1904EA32228A06C0004FB82 /* PreferenceCategory.swift */,
			);
			path = Enums;
			sourceTree = "<group>";
		};
		A142C98020D67389002ED94F /* Controllers */ = {
			isa = PBXGroup;
			children = (
				A1C65D81221179230053C422 /* DocumentController.swift */,
				A156AF822090606C0098BBDD /* MarkdownViewController.swift */,
				A13C23FB20919672008557D0 /* PreviewViewController.swift */,
				A127E31D20DF0F8400E13795 /* SidebarViewController.swift */,
				A156AFAE209061D60098BBDD /* PineWindowController.swift */,
				A10B86DB2227BB2E000656DD /* Preferences */,
				A1904EA92228A75A0004FB82 /* Reference */,
			);
			path = Controllers;
			sourceTree = "<group>";
		};
		A142C98120D67389002ED94F /* Models */ = {
			isa = PBXGroup;
			children = (
				A148E4212231F054001AEAAC /* Preferences */,
				A156AF842090606C0098BBDD /* Document.swift */,
				A104782420E7338800E0930A /* FileSystemItem.swift */,
				A182096D20919F6000016AD5 /* HTML.swift */,
				A127E31F20DF13FA00E13795 /* OpenDocuments.swift */,
				A156AFB020908ECE0098BBDD /* Theme.swift */,
			);
			path = Models;
			sourceTree = "<group>";
		};
		A142C98220D67389002ED94F /* Helpers */ = {
			isa = PBXGroup;
			children = (
				A1C65FB520DE2B0D00326C60 /* Alert.swift */,
				A18A0405209585C8006F6B99 /* Debouncer.swift */,
				A1D5466320D4D9CC00D1221A /* Exporter.swift */,
				A1F122DE20DE0D27007DFD1A /* FileSaver.swift */,
				A148C39F20914F0F00B1165C /* SyntaxThemes.swift */,
				A1904EAA2228B6A40004FB82 /* Utils.swift */,
			);
			path = Helpers;
			sourceTree = "<group>";
		};
		A142C98320D673B0002ED94F /* Views */ = {
			isa = PBXGroup;
			children = (
				A1E647DB20D1E9C000F32E55 /* EditorSplitView.swift */,
				A13B2E8A22322CBD00F24A84 /* MarkdownTextView.swift */,
				A198047220DB64BA0066FDA6 /* MarkdownView.swift */,
				A1FB7AA32227F4E200DC2E0E /* Preferences */,
				A1D4A0372234C77A00E2159A /* SidebarTableRowView.swift */,
				A111014020E8B8A4001EBEDE /* SidebarView.swift */,
			);
			path = Views;
			sourceTree = "<group>";
		};
		A148E4212231F054001AEAAC /* Preferences */ = {
			isa = PBXGroup;
			children = (
				A148E4222231F066001AEAAC /* PreferenceKey.swift */,
				A18A040720958C8B006F6B99 /* Preferences.swift */,
			);
			path = Preferences;
			sourceTree = "<group>";
		};
		A156AF742090606C0098BBDD = {
			isa = PBXGroup;
			children = (
				A1C2671E221F9CDF006B5116 /* Docs */,
				AF85BB3E71369DF39A9597F6 /* Frameworks */,
				E4FB2329AC3DC77FB4340593 /* Pods */,
				A156AF7E2090606C0098BBDD /* Products */,
				A189EA722091E4E300DB0559 /* Resources */,
				A156AF7F2090606C0098BBDD /* Pine */,
				A156AF942090606D0098BBDD /* PineTests */,
				A156AF9F2090606D0098BBDD /* PineUITests */,
			);
			sourceTree = "<group>";
		};
		A156AF7E2090606C0098BBDD /* Products */ = {
			isa = PBXGroup;
			children = (
				A156AF7D2090606C0098BBDD /* Pine.app */,
				A156AF912090606D0098BBDD /* PineTests.xctest */,
				A156AF9C2090606D0098BBDD /* PineUITests.xctest */,
			);
			name = Products;
			sourceTree = "<group>";
		};
		A156AF7F2090606C0098BBDD /* Pine */ = {
			isa = PBXGroup;
			children = (
				A156AF802090606C0098BBDD /* AppDelegate.swift */,
				A156AF862090606C0098BBDD /* Assets.xcassets */,
				A142C98020D67389002ED94F /* Controllers */,
				A111013B20E85D87001EBEDE /* Enums */,
				A1682E85209097D500164D78 /* Extensions */,
				A142C98220D67389002ED94F /* Helpers */,
				A156AF8B2090606D0098BBDD /* Info.plist */,
				A156AF882090606D0098BBDD /* Main.storyboard */,
				A142C98120D67389002ED94F /* Models */,
				A142C98320D673B0002ED94F /* Views */,
			);
			path = Pine;
			sourceTree = "<group>";
		};
		A156AF942090606D0098BBDD /* PineTests */ = {
			isa = PBXGroup;
			children = (
				A156AF972090606D0098BBDD /* Info.plist */,
				A1767B05220FC44D00ED1A61 /* NSColorTests.swift */,
				A1767B03220FC2DD00ED1A61 /* StringTests.swift */,
				A156AF952090606D0098BBDD /* TextViewTests.swift */,
			);
			path = PineTests;
			sourceTree = "<group>";
		};
		A156AF9F2090606D0098BBDD /* PineUITests */ = {
			isa = PBXGroup;
			children = (
				A156AFA22090606D0098BBDD /* Info.plist */,
				A156AFA02090606D0098BBDD /* InitialOpenUITests.swift */,
			);
			path = PineUITests;
			sourceTree = "<group>";
		};
		A1682E85209097D500164D78 /* Extensions */ = {
			isa = PBXGroup;
			children = (
				A1904E9F22289B510004FB82 /* Bool.swift */,
				A18A040920958EB6006F6B99 /* Int.swift */,
				A198047420DB7B2E0066FDA6 /* NotificationCenter.swift */,
				A1A7C05320EA304A003D8DB6 /* NSAppearance.swift */,
				A148E4242231F7D7001AEAAC /* NSButton.swift */,
				A13C23F9209167F0008557D0 /* NSColor.swift */,
				A1682E86209097E700164D78 /* NSMutableAttributedString.swift */,
				A1EDC59E2183C231007153CA /* NSTextView.swift */,
				A1AE9BA82220AD0E00560137 /* NSTouchBar.swift */,
				A182AFAE220F8D8000C14B2B /* NSView.swift */,
				A1150D2120E858E400536336 /* String.swift */,
				A13B2E8C2232314000F24A84 /* URL.swift */,
			);
			path = Extensions;
			sourceTree = "<group>";
		};
		A189EA722091E4E300DB0559 /* Resources */ = {
			isa = PBXGroup;
			children = (
				A124783B2233356300CA7A67 /* File.icns */,
				A1FD269820932CDC004D1C95 /* highlight-js */,
				A189EA732091E4E300DB0559 /* Markdown.css */,
				A1C4020B221F851B00E3DBCC /* Reference.html */,
			);
			path = Resources;
			sourceTree = "<group>";
		};
		A1904EA92228A75A0004FB82 /* Reference */ = {
			isa = PBXGroup;
			children = (
				A1C4020F221F868200E3DBCC /* ReferenceViewController.swift */,
				A13C23F7209153E1008557D0 /* ReferenceWindowController.swift */,
			);
			path = Reference;
			sourceTree = "<group>";
		};
		A1C2671E221F9CDF006B5116 /* Docs */ = {
			isa = PBXGroup;
			children = (
				A1C2671F221F9CDF006B5116 /* RELEASE.md */,
				A1C26720221F9CDF006B5116 /* MARKDOWN_REFERENCE.md */,
			);
			path = Docs;
			sourceTree = "<group>";
		};
		A1FB7AA32227F4E200DC2E0E /* Preferences */ = {
			isa = PBXGroup;
			children = (
				A1904E9D22288AB80004FB82 /* DocumentStackView.swift */,
				A1FB7AA42227F5B100DC2E0E /* MarkdownStackView.swift */,
				A1FB7A9F2227EE9300DC2E0E /* PreferencesRoundedButton.swift */,
				A1FB7A9D2227DFCB00DC2E0E /* PreferencesStackView.swift */,
				A1FB7AA12227EEEF00DC2E0E /* PreferencesSwitchButton.swift */,
				A1FB7A992227DC5900DC2E0E /* UIStackView.swift */,
			);
			path = Preferences;
			sourceTree = "<group>";
		};
		AF85BB3E71369DF39A9597F6 /* Frameworks */ = {
			isa = PBXGroup;
			children = (
				B66B7DAE689A6827E658233B /* Pods_Pine.framework */,
				300B3A71DC5543C53B684729 /* Pods_Pine.framework */,
			);
			name = Frameworks;
			sourceTree = "<group>";
		};
		E4FB2329AC3DC77FB4340593 /* Pods */ = {
			isa = PBXGroup;
			children = (
				B2BE6FC4D33EB0DD8E860B17 /* Pods-Pine.debug.xcconfig */,
				DE61D6DEDFEA5C5AF04564BE /* Pods-Pine.release.xcconfig */,
				CEB8F75868608EE6AE483A4C /* Pods-Pine.debug.xcconfig */,
				8DB191E8E2AB43CED7C8E01D /* Pods-Pine.release.xcconfig */,
			);
			name = Pods;
			sourceTree = "<group>";
		};
/* End PBXGroup section */

/* Begin PBXNativeTarget section */
		A156AF7C2090606C0098BBDD /* Pine */ = {
			isa = PBXNativeTarget;
			buildConfigurationList = A156AFA52090606D0098BBDD /* Build configuration list for PBXNativeTarget "Pine" */;
			buildPhases = (
				1C9E57CBD9210A5F16D7F6F9 /* [CP] Check Pods Manifest.lock */,
				A156AF792090606C0098BBDD /* Sources */,
				A156AF7A2090606C0098BBDD /* Frameworks */,
				A156AF7B2090606C0098BBDD /* Resources */,
				AEBBCEE62B5EC34750DFBB6C /* [CP] Embed Pods Frameworks */,
			);
			buildRules = (
			);
			dependencies = (
			);
			name = Pine;
			productName = Pine;
			productReference = A156AF7D2090606C0098BBDD /* Pine.app */;
			productType = "com.apple.product-type.application";
		};
		A156AF902090606D0098BBDD /* PineTests */ = {
			isa = PBXNativeTarget;
			buildConfigurationList = A156AFA82090606D0098BBDD /* Build configuration list for PBXNativeTarget "PineTests" */;
			buildPhases = (
				A156AF8D2090606D0098BBDD /* Sources */,
				A156AF8E2090606D0098BBDD /* Frameworks */,
				A156AF8F2090606D0098BBDD /* Resources */,
			);
			buildRules = (
			);
			dependencies = (
				A156AF932090606D0098BBDD /* PBXTargetDependency */,
			);
			name = PineTests;
			productName = PineTests;
			productReference = A156AF912090606D0098BBDD /* PineTests.xctest */;
			productType = "com.apple.product-type.bundle.unit-test";
		};
		A156AF9B2090606D0098BBDD /* PineUITests */ = {
			isa = PBXNativeTarget;
			buildConfigurationList = A156AFAB2090606D0098BBDD /* Build configuration list for PBXNativeTarget "PineUITests" */;
			buildPhases = (
				A156AF982090606D0098BBDD /* Sources */,
				A156AF992090606D0098BBDD /* Frameworks */,
				A156AF9A2090606D0098BBDD /* Resources */,
			);
			buildRules = (
			);
			dependencies = (
				A156AF9E2090606D0098BBDD /* PBXTargetDependency */,
			);
			name = PineUITests;
			productName = PineUITests;
			productReference = A156AF9C2090606D0098BBDD /* PineUITests.xctest */;
			productType = "com.apple.product-type.bundle.ui-testing";
		};
/* End PBXNativeTarget section */

/* Begin PBXProject section */
		A156AF752090606C0098BBDD /* Project object */ = {
			isa = PBXProject;
			attributes = {
				LastSwiftUpdateCheck = 0930;
				LastUpgradeCheck = 0930;
				ORGANIZATIONNAME = "Luka Kerr";
				TargetAttributes = {
					A156AF7C2090606C0098BBDD = {
						CreatedOnToolsVersion = 9.3;
						LastSwiftMigration = 1000;
						SystemCapabilities = {
							com.apple.ApplicationGroups.Mac = {
								enabled = 0;
							};
							com.apple.Sandbox = {
								enabled = 0;
							};
						};
					};
					A156AF902090606D0098BBDD = {
						CreatedOnToolsVersion = 9.3;
						LastSwiftMigration = 1000;
						TestTargetID = A156AF7C2090606C0098BBDD;
					};
					A156AF9B2090606D0098BBDD = {
						CreatedOnToolsVersion = 9.3;
						LastSwiftMigration = 1000;
						TestTargetID = A156AF7C2090606C0098BBDD;
					};
				};
			};
			buildConfigurationList = A156AF782090606C0098BBDD /* Build configuration list for PBXProject "Pine" */;
			compatibilityVersion = "Xcode 9.3";
			developmentRegion = en;
			hasScannedForEncodings = 0;
			knownRegions = (
				en,
				Base,
			);
			mainGroup = A156AF742090606C0098BBDD;
			productRefGroup = A156AF7E2090606C0098BBDD /* Products */;
			projectDirPath = "";
			projectRoot = "";
			targets = (
				A156AF7C2090606C0098BBDD /* Pine */,
				A156AF902090606D0098BBDD /* PineTests */,
				A156AF9B2090606D0098BBDD /* PineUITests */,
			);
		};
/* End PBXProject section */

/* Begin PBXResourcesBuildPhase section */
		A156AF7B2090606C0098BBDD /* Resources */ = {
			isa = PBXResourcesBuildPhase;
			buildActionMask = 2147483647;
			files = (
				A1C26721221F9CE0006B5116 /* RELEASE.md in Resources */,
				A1C4020C221F851B00E3DBCC /* Reference.html in Resources */,
				A1C26722221F9CE0006B5116 /* MARKDOWN_REFERENCE.md in Resources */,
				A189EA742091E4F300DB0559 /* Markdown.css in Resources */,
				A124783C2233356400CA7A67 /* File.icns in Resources */,
				A156AF872090606C0098BBDD /* Assets.xcassets in Resources */,
				A1FD269A20932CDD004D1C95 /* highlight-js in Resources */,
				A156AF8A2090606D0098BBDD /* Main.storyboard in Resources */,
			);
			runOnlyForDeploymentPostprocessing = 0;
		};
		A156AF8F2090606D0098BBDD /* Resources */ = {
			isa = PBXResourcesBuildPhase;
			buildActionMask = 2147483647;
			files = (
			);
			runOnlyForDeploymentPostprocessing = 0;
		};
		A156AF9A2090606D0098BBDD /* Resources */ = {
			isa = PBXResourcesBuildPhase;
			buildActionMask = 2147483647;
			files = (
			);
			runOnlyForDeploymentPostprocessing = 0;
		};
/* End PBXResourcesBuildPhase section */

/* Begin PBXShellScriptBuildPhase section */
		1C9E57CBD9210A5F16D7F6F9 /* [CP] Check Pods Manifest.lock */ = {
			isa = PBXShellScriptBuildPhase;
			buildActionMask = 2147483647;
			files = (
			);
			inputPaths = (
				"${PODS_PODFILE_DIR_PATH}/Podfile.lock",
				"${PODS_ROOT}/Manifest.lock",
			);
			name = "[CP] Check Pods Manifest.lock";
			outputPaths = (
				"$(DERIVED_FILE_DIR)/Pods-Pine-checkManifestLockResult.txt",
			);
			runOnlyForDeploymentPostprocessing = 0;
			shellPath = /bin/sh;
			shellScript = "diff \"${PODS_PODFILE_DIR_PATH}/Podfile.lock\" \"${PODS_ROOT}/Manifest.lock\" > /dev/null\nif [ $? != 0 ] ; then\n    # print error to STDERR\n    echo \"error: The sandbox is not in sync with the Podfile.lock. Run 'pod install' or update your CocoaPods installation.\" >&2\n    exit 1\nfi\n# This output is used by Xcode 'outputs' to avoid re-running this script phase.\necho \"SUCCESS\" > \"${SCRIPT_OUTPUT_FILE_0}\"\n";
			showEnvVarsInLog = 0;
		};
		AEBBCEE62B5EC34750DFBB6C /* [CP] Embed Pods Frameworks */ = {
			isa = PBXShellScriptBuildPhase;
			buildActionMask = 2147483647;
			files = (
			);
			inputPaths = (
				"${SRCROOT}/Pods/Target Support Files/Pods-Pine/Pods-Pine-frameworks.sh",
				"${BUILT_PRODUCTS_DIR}/Highlightr/Highlightr.framework",
				"${BUILT_PRODUCTS_DIR}/cmark-gfm-swift/cmark_gfm_swift.framework",
			);
			name = "[CP] Embed Pods Frameworks";
			outputPaths = (
				"${TARGET_BUILD_DIR}/${FRAMEWORKS_FOLDER_PATH}/Highlightr.framework",
				"${TARGET_BUILD_DIR}/${FRAMEWORKS_FOLDER_PATH}/cmark_gfm_swift.framework",
			);
			runOnlyForDeploymentPostprocessing = 0;
			shellPath = /bin/sh;
			shellScript = "\"${SRCROOT}/Pods/Target Support Files/Pods-Pine/Pods-Pine-frameworks.sh\"\n";
			showEnvVarsInLog = 0;
		};
/* End PBXShellScriptBuildPhase section */

/* Begin PBXSourcesBuildPhase section */
		A156AF792090606C0098BBDD /* Sources */ = {
			isa = PBXSourcesBuildPhase;
			buildActionMask = 2147483647;
			files = (
				A1A7C05420EA304A003D8DB6 /* NSAppearance.swift in Sources */,
				A1150D2220E858E400536336 /* String.swift in Sources */,
				A18A040A20958EB6006F6B99 /* Int.swift in Sources */,
				A156AF832090606C0098BBDD /* MarkdownViewController.swift in Sources */,
				A1EDC59F2183C231007153CA /* NSTextView.swift in Sources */,
				A148C3A020914F0F00B1165C /* SyntaxThemes.swift in Sources */,
				A1C40210221F868200E3DBCC /* ReferenceViewController.swift in Sources */,
				A156AFAF209061D60098BBDD /* PineWindowController.swift in Sources */,
				A13C23FC20919672008557D0 /* PreviewViewController.swift in Sources */,
				A1C65D82221179230053C422 /* DocumentController.swift in Sources */,
				A13B2E8D2232314000F24A84 /* URL.swift in Sources */,
				A1D4A0382234C77A00E2159A /* SidebarTableRowView.swift in Sources */,
				A10B86E12227BB8F000656DD /* PreferencesViewController.swift in Sources */,
				A13C23FA209167F0008557D0 /* NSColor.swift in Sources */,
				A182096E20919F6000016AD5 /* HTML.swift in Sources */,
				A1C65FB620DE2B0D00326C60 /* Alert.swift in Sources */,
				A127E32020DF13FA00E13795 /* OpenDocuments.swift in Sources */,
				A182AFAF220F8D8000C14B2B /* NSView.swift in Sources */,
				A1904E9E22288AB80004FB82 /* DocumentStackView.swift in Sources */,
				A1AE9BA92220AD0E00560137 /* NSTouchBar.swift in Sources */,
				A1FB7A9E2227DFCB00DC2E0E /* PreferencesStackView.swift in Sources */,
				A156AFB120908ECE0098BBDD /* Theme.swift in Sources */,
				A1904EAB2228B6A40004FB82 /* Utils.swift in Sources */,
				A104782520E7338800E0930A /* FileSystemItem.swift in Sources */,
				A1FB7A9A2227DC5900DC2E0E /* UIStackView.swift in Sources */,
				A10B86DF2227BB6E000656DD /* PreferencesSidebarViewController.swift in Sources */,
				A111013D20E85D9A001EBEDE /* SaveError.swift in Sources */,
				A10B86DD2227BB3E000656DD /* PreferencesSplitViewController.swift in Sources */,
				A1FB7AA02227EE9300DC2E0E /* PreferencesRoundedButton.swift in Sources */,
				A18A040820958C8B006F6B99 /* Preferences.swift in Sources */,
				A1F122DF20DE0D27007DFD1A /* FileSaver.swift in Sources */,
				A1682E87209097E700164D78 /* NSMutableAttributedString.swift in Sources */,
				A198047320DB64BA0066FDA6 /* MarkdownView.swift in Sources */,
				A13C23F8209153E1008557D0 /* ReferenceWindowController.swift in Sources */,
				A18A0406209585C8006F6B99 /* Debouncer.swift in Sources */,
				A127E31E20DF0F8400E13795 /* SidebarViewController.swift in Sources */,
				A156AF812090606C0098BBDD /* AppDelegate.swift in Sources */,
				A1904EA82228A6EF0004FB82 /* PreferencesWindowController.swift in Sources */,
				A148E4252231F7D7001AEAAC /* NSButton.swift in Sources */,
				A1E647DC20D1E9C000F32E55 /* EditorSplitView.swift in Sources */,
				A111014120E8B8A4001EBEDE /* SidebarView.swift in Sources */,
				A198047520DB7B2E0066FDA6 /* NotificationCenter.swift in Sources */,
				A1FB7AA22227EEEF00DC2E0E /* PreferencesSwitchButton.swift in Sources */,
				A148E4232231F066001AEAAC /* PreferenceKey.swift in Sources */,
				A1D5466420D4D9CC00D1221A /* Exporter.swift in Sources */,
				A1FB7AA52227F5B100DC2E0E /* MarkdownStackView.swift in Sources */,
				A13B2E8B22322CBD00F24A84 /* MarkdownTextView.swift in Sources */,
				A156AF852090606C0098BBDD /* Document.swift in Sources */,
				A1904EA022289B510004FB82 /* Bool.swift in Sources */,
				A1904EA42228A06C0004FB82 /* PreferenceCategory.swift in Sources */,
			);
			runOnlyForDeploymentPostprocessing = 0;
		};
		A156AF8D2090606D0098BBDD /* Sources */ = {
			isa = PBXSourcesBuildPhase;
			buildActionMask = 2147483647;
			files = (
				A1767B06220FC44D00ED1A61 /* NSColorTests.swift in Sources */,
				A1767B04220FC2DD00ED1A61 /* StringTests.swift in Sources */,
				A156AF962090606D0098BBDD /* TextViewTests.swift in Sources */,
			);
			runOnlyForDeploymentPostprocessing = 0;
		};
		A156AF982090606D0098BBDD /* Sources */ = {
			isa = PBXSourcesBuildPhase;
			buildActionMask = 2147483647;
			files = (
				A156AFA12090606D0098BBDD /* InitialOpenUITests.swift in Sources */,
			);
			runOnlyForDeploymentPostprocessing = 0;
		};
/* End PBXSourcesBuildPhase section */

/* Begin PBXTargetDependency section */
		A156AF932090606D0098BBDD /* PBXTargetDependency */ = {
			isa = PBXTargetDependency;
			target = A156AF7C2090606C0098BBDD /* Pine */;
			targetProxy = A156AF922090606D0098BBDD /* PBXContainerItemProxy */;
		};
		A156AF9E2090606D0098BBDD /* PBXTargetDependency */ = {
			isa = PBXTargetDependency;
			target = A156AF7C2090606C0098BBDD /* Pine */;
			targetProxy = A156AF9D2090606D0098BBDD /* PBXContainerItemProxy */;
		};
/* End PBXTargetDependency section */

/* Begin PBXVariantGroup section */
		A156AF882090606D0098BBDD /* Main.storyboard */ = {
			isa = PBXVariantGroup;
			children = (
				A156AF892090606D0098BBDD /* Base */,
			);
			name = Main.storyboard;
			sourceTree = "<group>";
		};
/* End PBXVariantGroup section */

/* Begin XCBuildConfiguration section */
		A156AFA32090606D0098BBDD /* Debug */ = {
			isa = XCBuildConfiguration;
			buildSettings = {
				ALWAYS_SEARCH_USER_PATHS = NO;
				CLANG_ANALYZER_NONNULL = YES;
				CLANG_ANALYZER_NUMBER_OBJECT_CONVERSION = YES_AGGRESSIVE;
				CLANG_CXX_LANGUAGE_STANDARD = "gnu++14";
				CLANG_CXX_LIBRARY = "libc++";
				CLANG_ENABLE_MODULES = YES;
				CLANG_ENABLE_OBJC_ARC = YES;
				CLANG_ENABLE_OBJC_WEAK = YES;
				CLANG_WARN_BLOCK_CAPTURE_AUTORELEASING = YES;
				CLANG_WARN_BOOL_CONVERSION = YES;
				CLANG_WARN_COMMA = YES;
				CLANG_WARN_CONSTANT_CONVERSION = YES;
				CLANG_WARN_DEPRECATED_OBJC_IMPLEMENTATIONS = YES;
				CLANG_WARN_DIRECT_OBJC_ISA_USAGE = YES_ERROR;
				CLANG_WARN_DOCUMENTATION_COMMENTS = YES;
				CLANG_WARN_EMPTY_BODY = YES;
				CLANG_WARN_ENUM_CONVERSION = YES;
				CLANG_WARN_INFINITE_RECURSION = YES;
				CLANG_WARN_INT_CONVERSION = YES;
				CLANG_WARN_NON_LITERAL_NULL_CONVERSION = YES;
				CLANG_WARN_OBJC_IMPLICIT_RETAIN_SELF = YES;
				CLANG_WARN_OBJC_LITERAL_CONVERSION = YES;
				CLANG_WARN_OBJC_ROOT_CLASS = YES_ERROR;
				CLANG_WARN_RANGE_LOOP_ANALYSIS = YES;
				CLANG_WARN_STRICT_PROTOTYPES = YES;
				CLANG_WARN_SUSPICIOUS_MOVE = YES;
				CLANG_WARN_UNGUARDED_AVAILABILITY = YES_AGGRESSIVE;
				CLANG_WARN_UNREACHABLE_CODE = YES;
				CLANG_WARN__DUPLICATE_METHOD_MATCH = YES;
				CODE_SIGN_IDENTITY = "-";
				COPY_PHASE_STRIP = NO;
				DEBUG_INFORMATION_FORMAT = dwarf;
				ENABLE_STRICT_OBJC_MSGSEND = YES;
				ENABLE_TESTABILITY = YES;
				GCC_C_LANGUAGE_STANDARD = gnu11;
				GCC_DYNAMIC_NO_PIC = NO;
				GCC_NO_COMMON_BLOCKS = YES;
				GCC_OPTIMIZATION_LEVEL = 0;
				GCC_PREPROCESSOR_DEFINITIONS = (
					"DEBUG=1",
					"$(inherited)",
				);
				GCC_WARN_64_TO_32_BIT_CONVERSION = YES;
				GCC_WARN_ABOUT_RETURN_TYPE = YES_ERROR;
				GCC_WARN_UNDECLARED_SELECTOR = YES;
				GCC_WARN_UNINITIALIZED_AUTOS = YES_AGGRESSIVE;
				GCC_WARN_UNUSED_FUNCTION = YES;
				GCC_WARN_UNUSED_VARIABLE = YES;
				MACOSX_DEPLOYMENT_TARGET = 10.12;
				MTL_ENABLE_DEBUG_INFO = YES;
				ONLY_ACTIVE_ARCH = YES;
				SDKROOT = macosx;
				SWIFT_ACTIVE_COMPILATION_CONDITIONS = DEBUG;
				SWIFT_INCLUDE_PATHS = "${SRCROOT}/Pine/Libraries/cmark-gfm-swift/cmark_gfm";
				SWIFT_OPTIMIZATION_LEVEL = "-Onone";
			};
			name = Debug;
		};
		A156AFA42090606D0098BBDD /* Release */ = {
			isa = XCBuildConfiguration;
			buildSettings = {
				ALWAYS_SEARCH_USER_PATHS = NO;
				CLANG_ANALYZER_NONNULL = YES;
				CLANG_ANALYZER_NUMBER_OBJECT_CONVERSION = YES_AGGRESSIVE;
				CLANG_CXX_LANGUAGE_STANDARD = "gnu++14";
				CLANG_CXX_LIBRARY = "libc++";
				CLANG_ENABLE_MODULES = YES;
				CLANG_ENABLE_OBJC_ARC = YES;
				CLANG_ENABLE_OBJC_WEAK = YES;
				CLANG_WARN_BLOCK_CAPTURE_AUTORELEASING = YES;
				CLANG_WARN_BOOL_CONVERSION = YES;
				CLANG_WARN_COMMA = YES;
				CLANG_WARN_CONSTANT_CONVERSION = YES;
				CLANG_WARN_DEPRECATED_OBJC_IMPLEMENTATIONS = YES;
				CLANG_WARN_DIRECT_OBJC_ISA_USAGE = YES_ERROR;
				CLANG_WARN_DOCUMENTATION_COMMENTS = YES;
				CLANG_WARN_EMPTY_BODY = YES;
				CLANG_WARN_ENUM_CONVERSION = YES;
				CLANG_WARN_INFINITE_RECURSION = YES;
				CLANG_WARN_INT_CONVERSION = YES;
				CLANG_WARN_NON_LITERAL_NULL_CONVERSION = YES;
				CLANG_WARN_OBJC_IMPLICIT_RETAIN_SELF = YES;
				CLANG_WARN_OBJC_LITERAL_CONVERSION = YES;
				CLANG_WARN_OBJC_ROOT_CLASS = YES_ERROR;
				CLANG_WARN_RANGE_LOOP_ANALYSIS = YES;
				CLANG_WARN_STRICT_PROTOTYPES = YES;
				CLANG_WARN_SUSPICIOUS_MOVE = YES;
				CLANG_WARN_UNGUARDED_AVAILABILITY = YES_AGGRESSIVE;
				CLANG_WARN_UNREACHABLE_CODE = YES;
				CLANG_WARN__DUPLICATE_METHOD_MATCH = YES;
				CODE_SIGN_IDENTITY = "-";
				COPY_PHASE_STRIP = NO;
				DEBUG_INFORMATION_FORMAT = "dwarf-with-dsym";
				ENABLE_NS_ASSERTIONS = NO;
				ENABLE_STRICT_OBJC_MSGSEND = YES;
				GCC_C_LANGUAGE_STANDARD = gnu11;
				GCC_NO_COMMON_BLOCKS = YES;
				GCC_WARN_64_TO_32_BIT_CONVERSION = YES;
				GCC_WARN_ABOUT_RETURN_TYPE = YES_ERROR;
				GCC_WARN_UNDECLARED_SELECTOR = YES;
				GCC_WARN_UNINITIALIZED_AUTOS = YES_AGGRESSIVE;
				GCC_WARN_UNUSED_FUNCTION = YES;
				GCC_WARN_UNUSED_VARIABLE = YES;
				MACOSX_DEPLOYMENT_TARGET = 10.12;
				MTL_ENABLE_DEBUG_INFO = NO;
				SDKROOT = macosx;
				SWIFT_COMPILATION_MODE = wholemodule;
				SWIFT_INCLUDE_PATHS = "${SRCROOT}/Pine/Libraries/cmark-gfm-swift/cmark_gfm";
				SWIFT_OPTIMIZATION_LEVEL = "-O";
			};
			name = Release;
		};
		A156AFA62090606D0098BBDD /* Debug */ = {
			isa = XCBuildConfiguration;
			baseConfigurationReference = CEB8F75868608EE6AE483A4C /* Pods-Pine.debug.xcconfig */;
			buildSettings = {
				ASSETCATALOG_COMPILER_APPICON_NAME = AppIcon;
				CODE_SIGN_IDENTITY = "Mac Developer";
				CODE_SIGN_STYLE = Automatic;
				COMBINE_HIDPI_IMAGES = YES;
				DEVELOPMENT_TEAM = QY544RDL2W;
				FRAMEWORK_SEARCH_PATHS = (
					"$(inherited)",
					"$(PROJECT_DIR)/Pine",
				);
				INFOPLIST_FILE = Pine/Info.plist;
				LD_RUNPATH_SEARCH_PATHS = (
					"$(inherited)",
					"@executable_path/../Frameworks",
				);
				MACOSX_DEPLOYMENT_TARGET = 10.12;
				PRODUCT_BUNDLE_IDENTIFIER = io.github.lukakerr.Pine;
				PRODUCT_NAME = "$(TARGET_NAME)";
				PROVISIONING_PROFILE_SPECIFIER = "";
				SWIFT_INCLUDE_PATHS = "";
				SWIFT_VERSION = 4.2;
			};
			name = Debug;
		};
		A156AFA72090606D0098BBDD /* Release */ = {
			isa = XCBuildConfiguration;
			baseConfigurationReference = 8DB191E8E2AB43CED7C8E01D /* Pods-Pine.release.xcconfig */;
			buildSettings = {
				ASSETCATALOG_COMPILER_APPICON_NAME = AppIcon;
				CODE_SIGN_IDENTITY = "Mac Developer";
				CODE_SIGN_STYLE = Automatic;
				COMBINE_HIDPI_IMAGES = YES;
				DEVELOPMENT_TEAM = QY544RDL2W;
				FRAMEWORK_SEARCH_PATHS = (
					"$(inherited)",
					"$(PROJECT_DIR)/Pine",
				);
				INFOPLIST_FILE = Pine/Info.plist;
				LD_RUNPATH_SEARCH_PATHS = (
					"$(inherited)",
					"@executable_path/../Frameworks",
				);
				MACOSX_DEPLOYMENT_TARGET = 10.12;
				PRODUCT_BUNDLE_IDENTIFIER = io.github.lukakerr.Pine;
				PRODUCT_NAME = "$(TARGET_NAME)";
				PROVISIONING_PROFILE_SPECIFIER = "";
				SWIFT_INCLUDE_PATHS = "";
				SWIFT_VERSION = 4.2;
			};
			name = Release;
		};
		A156AFA92090606D0098BBDD /* Debug */ = {
			isa = XCBuildConfiguration;
			buildSettings = {
				ALWAYS_EMBED_SWIFT_STANDARD_LIBRARIES = YES;
				BUNDLE_LOADER = "$(TEST_HOST)";
				CODE_SIGN_STYLE = Automatic;
				COMBINE_HIDPI_IMAGES = YES;
				INFOPLIST_FILE = PineTests/Info.plist;
				LD_RUNPATH_SEARCH_PATHS = (
					"$(inherited)",
					"@executable_path/../Frameworks",
					"@loader_path/../Frameworks",
				);
				MACOSX_DEPLOYMENT_TARGET = 10.14;
				PRODUCT_BUNDLE_IDENTIFIER = io.github.lukakerr.PineTests;
				PRODUCT_NAME = "$(TARGET_NAME)";
				SWIFT_INCLUDE_PATHS = "";
				SWIFT_VERSION = 4.2;
				TEST_HOST = "$(BUILT_PRODUCTS_DIR)/Pine.app/Contents/MacOS/Pine";
			};
			name = Debug;
		};
		A156AFAA2090606D0098BBDD /* Release */ = {
			isa = XCBuildConfiguration;
			buildSettings = {
				ALWAYS_EMBED_SWIFT_STANDARD_LIBRARIES = YES;
				BUNDLE_LOADER = "$(TEST_HOST)";
				CODE_SIGN_STYLE = Automatic;
				COMBINE_HIDPI_IMAGES = YES;
				INFOPLIST_FILE = PineTests/Info.plist;
				LD_RUNPATH_SEARCH_PATHS = (
					"$(inherited)",
					"@executable_path/../Frameworks",
					"@loader_path/../Frameworks",
				);
				MACOSX_DEPLOYMENT_TARGET = 10.14;
				PRODUCT_BUNDLE_IDENTIFIER = io.github.lukakerr.PineTests;
				PRODUCT_NAME = "$(TARGET_NAME)";
				SWIFT_INCLUDE_PATHS = "";
				SWIFT_VERSION = 4.2;
				TEST_HOST = "$(BUILT_PRODUCTS_DIR)/Pine.app/Contents/MacOS/Pine";
			};
			name = Release;
		};
		A156AFAC2090606D0098BBDD /* Debug */ = {
			isa = XCBuildConfiguration;
			buildSettings = {
				ALWAYS_EMBED_SWIFT_STANDARD_LIBRARIES = YES;
				CODE_SIGN_STYLE = Automatic;
				COMBINE_HIDPI_IMAGES = YES;
				INFOPLIST_FILE = PineUITests/Info.plist;
				LD_RUNPATH_SEARCH_PATHS = (
					"$(inherited)",
					"@executable_path/../Frameworks",
					"@loader_path/../Frameworks",
				);
				MACOSX_DEPLOYMENT_TARGET = 10.14;
				PRODUCT_BUNDLE_IDENTIFIER = io.github.lukakerr.PineUITests;
				PRODUCT_NAME = "$(TARGET_NAME)";
				SWIFT_INCLUDE_PATHS = "";
				SWIFT_VERSION = 4.2;
				TEST_TARGET_NAME = Pine;
			};
			name = Debug;
		};
		A156AFAD2090606D0098BBDD /* Release */ = {
			isa = XCBuildConfiguration;
			buildSettings = {
				ALWAYS_EMBED_SWIFT_STANDARD_LIBRARIES = YES;
				CODE_SIGN_STYLE = Automatic;
				COMBINE_HIDPI_IMAGES = YES;
				INFOPLIST_FILE = PineUITests/Info.plist;
				LD_RUNPATH_SEARCH_PATHS = (
					"$(inherited)",
					"@executable_path/../Frameworks",
					"@loader_path/../Frameworks",
				);
				MACOSX_DEPLOYMENT_TARGET = 10.14;
				PRODUCT_BUNDLE_IDENTIFIER = io.github.lukakerr.PineUITests;
				PRODUCT_NAME = "$(TARGET_NAME)";
				SWIFT_INCLUDE_PATHS = "";
				SWIFT_VERSION = 4.2;
				TEST_TARGET_NAME = Pine;
			};
			name = Release;
		};
/* End XCBuildConfiguration section */

/* Begin XCConfigurationList section */
		A156AF782090606C0098BBDD /* Build configuration list for PBXProject "Pine" */ = {
			isa = XCConfigurationList;
			buildConfigurations = (
				A156AFA32090606D0098BBDD /* Debug */,
				A156AFA42090606D0098BBDD /* Release */,
			);
			defaultConfigurationIsVisible = 0;
			defaultConfigurationName = Release;
		};
		A156AFA52090606D0098BBDD /* Build configuration list for PBXNativeTarget "Pine" */ = {
			isa = XCConfigurationList;
			buildConfigurations = (
				A156AFA62090606D0098BBDD /* Debug */,
				A156AFA72090606D0098BBDD /* Release */,
			);
			defaultConfigurationIsVisible = 0;
			defaultConfigurationName = Release;
		};
		A156AFA82090606D0098BBDD /* Build configuration list for PBXNativeTarget "PineTests" */ = {
			isa = XCConfigurationList;
			buildConfigurations = (
				A156AFA92090606D0098BBDD /* Debug */,
				A156AFAA2090606D0098BBDD /* Release */,
			);
			defaultConfigurationIsVisible = 0;
			defaultConfigurationName = Release;
		};
		A156AFAB2090606D0098BBDD /* Build configuration list for PBXNativeTarget "PineUITests" */ = {
			isa = XCConfigurationList;
			buildConfigurations = (
				A156AFAC2090606D0098BBDD /* Debug */,
				A156AFAD2090606D0098BBDD /* Release */,
			);
			defaultConfigurationIsVisible = 0;
			defaultConfigurationName = Release;
		};
/* End XCConfigurationList section */
	};
	rootObject = A156AF752090606C0098BBDD /* Project object */;
}
