// !$*UTF8*$!
{
	archiveVersion = 1;
	classes = {
	};
	objectVersion = 50;
	objects = {

/* Begin PBXBuildFile section */
		5EC2EB6C996D63F9FA158160 /* Pods_Twig.framework in Frameworks */ = {isa = PBXBuildFile; fileRef = B66B7DAE689A6827E658233B /* Pods_Twig.framework */; };
		A106D59020DB56DA00880B7D /* MarkdownViewController+Extension.swift in Sources */ = {isa = PBXBuildFile; fileRef = A106D58F20DB56DA00880B7D /* MarkdownViewController+Extension.swift */; };
		A127E31E20DF0F8400E13795 /* SidebarViewController.swift in Sources */ = {isa = PBXBuildFile; fileRef = A127E31D20DF0F8400E13795 /* SidebarViewController.swift */; };
		A127E32020DF13FA00E13795 /* OpenDocuments.swift in Sources */ = {isa = PBXBuildFile; fileRef = A127E31F20DF13FA00E13795 /* OpenDocuments.swift */; };
		A13C23F8209153E1008557D0 /* PreferencesWindowController.swift in Sources */ = {isa = PBXBuildFile; fileRef = A13C23F7209153E1008557D0 /* PreferencesWindowController.swift */; };
		A13C23FA209167F0008557D0 /* NSColor+Extension.swift in Sources */ = {isa = PBXBuildFile; fileRef = A13C23F9209167F0008557D0 /* NSColor+Extension.swift */; };
		A13C23FC20919672008557D0 /* PreviewViewController.swift in Sources */ = {isa = PBXBuildFile; fileRef = A13C23FB20919672008557D0 /* PreviewViewController.swift */; };
		A148C3A020914F0F00B1165C /* SyntaxThemes.swift in Sources */ = {isa = PBXBuildFile; fileRef = A148C39F20914F0F00B1165C /* SyntaxThemes.swift */; };
		A148C3A22091522C00B1165C /* PreferencesViewController.swift in Sources */ = {isa = PBXBuildFile; fileRef = A148C3A12091522C00B1165C /* PreferencesViewController.swift */; };
		A156AF812090606C0098BBDD /* AppDelegate.swift in Sources */ = {isa = PBXBuildFile; fileRef = A156AF802090606C0098BBDD /* AppDelegate.swift */; };
		A156AF832090606C0098BBDD /* MarkdownViewController.swift in Sources */ = {isa = PBXBuildFile; fileRef = A156AF822090606C0098BBDD /* MarkdownViewController.swift */; };
		A156AF852090606C0098BBDD /* Document.swift in Sources */ = {isa = PBXBuildFile; fileRef = A156AF842090606C0098BBDD /* Document.swift */; };
		A156AF872090606C0098BBDD /* Assets.xcassets in Resources */ = {isa = PBXBuildFile; fileRef = A156AF862090606C0098BBDD /* Assets.xcassets */; };
		A156AF8A2090606D0098BBDD /* Main.storyboard in Resources */ = {isa = PBXBuildFile; fileRef = A156AF882090606D0098BBDD /* Main.storyboard */; };
		A156AF962090606D0098BBDD /* TwigTests.swift in Sources */ = {isa = PBXBuildFile; fileRef = A156AF952090606D0098BBDD /* TwigTests.swift */; };
		A156AFA12090606D0098BBDD /* TwigUITests.swift in Sources */ = {isa = PBXBuildFile; fileRef = A156AFA02090606D0098BBDD /* TwigUITests.swift */; };
		A156AFAF209061D60098BBDD /* WindowController.swift in Sources */ = {isa = PBXBuildFile; fileRef = A156AFAE209061D60098BBDD /* WindowController.swift */; };
		A156AFB120908ECE0098BBDD /* Theme.swift in Sources */ = {isa = PBXBuildFile; fileRef = A156AFB020908ECE0098BBDD /* Theme.swift */; };
		A1682E87209097E700164D78 /* NSMutableAttributedString+Extension.swift in Sources */ = {isa = PBXBuildFile; fileRef = A1682E86209097E700164D78 /* NSMutableAttributedString+Extension.swift */; };
		A182096E20919F6000016AD5 /* HTML.swift in Sources */ = {isa = PBXBuildFile; fileRef = A182096D20919F6000016AD5 /* HTML.swift */; };
		A189EA742091E4F300DB0559 /* Markdown.css in Resources */ = {isa = PBXBuildFile; fileRef = A189EA732091E4E300DB0559 /* Markdown.css */; };
		A18A0406209585C8006F6B99 /* Debouncer.swift in Sources */ = {isa = PBXBuildFile; fileRef = A18A0405209585C8006F6B99 /* Debouncer.swift */; };
		A18A040820958C8B006F6B99 /* Preferences.swift in Sources */ = {isa = PBXBuildFile; fileRef = A18A040720958C8B006F6B99 /* Preferences.swift */; };
		A18A040A20958EB6006F6B99 /* Int+Extension.swift in Sources */ = {isa = PBXBuildFile; fileRef = A18A040920958EB6006F6B99 /* Int+Extension.swift */; };
		A198047320DB64BA0066FDA6 /* MarkdownView.swift in Sources */ = {isa = PBXBuildFile; fileRef = A198047220DB64BA0066FDA6 /* MarkdownView.swift */; };
		A198047520DB7B2E0066FDA6 /* NotificationCenter+Extension.swift in Sources */ = {isa = PBXBuildFile; fileRef = A198047420DB7B2E0066FDA6 /* NotificationCenter+Extension.swift */; };
		A19828B420DBC2AA008C2364 /* ListElement.swift in Sources */ = {isa = PBXBuildFile; fileRef = A198285B20DBC2AA008C2364 /* ListElement.swift */; };
		A19828B520DBC2AA008C2364 /* TextElement.swift in Sources */ = {isa = PBXBuildFile; fileRef = A198285C20DBC2AA008C2364 /* TextElement.swift */; };
		A19828B620DBC2AA008C2364 /* Block+TableRow.swift in Sources */ = {isa = PBXBuildFile; fileRef = A198285D20DBC2AA008C2364 /* Block+TableRow.swift */; };
		A19828B720DBC2AA008C2364 /* TableRow.swift in Sources */ = {isa = PBXBuildFile; fileRef = A198285E20DBC2AA008C2364 /* TableRow.swift */; };
		A19828B820DBC2AA008C2364 /* LICENSE in Resources */ = {isa = PBXBuildFile; fileRef = A198285F20DBC2AA008C2364 /* LICENSE */; };
		A19828B920DBC2AA008C2364 /* xml.c in Sources */ = {isa = PBXBuildFile; fileRef = A198286120DBC2AA008C2364 /* xml.c */; };
		A19828BA20DBC2AA008C2364 /* strikethrough.c in Sources */ = {isa = PBXBuildFile; fileRef = A198286220DBC2AA008C2364 /* strikethrough.c */; };
		A19828BB20DBC2AA008C2364 /* cmark.c in Sources */ = {isa = PBXBuildFile; fileRef = A198286320DBC2AA008C2364 /* cmark.c */; };
		A19828BC20DBC2AA008C2364 /* scanners.re in Resources */ = {isa = PBXBuildFile; fileRef = A198286420DBC2AA008C2364 /* scanners.re */; };
		A19828BD20DBC2AA008C2364 /* man.c in Sources */ = {isa = PBXBuildFile; fileRef = A198286520DBC2AA008C2364 /* man.c */; };
		A19828BE20DBC2AA008C2364 /* buffer.c in Sources */ = {isa = PBXBuildFile; fileRef = A198286620DBC2AA008C2364 /* buffer.c */; };
		A19828BF20DBC2AA008C2364 /* autolink.c in Sources */ = {isa = PBXBuildFile; fileRef = A198286720DBC2AA008C2364 /* autolink.c */; };
		A19828C020DBC2AA008C2364 /* blocks.c in Sources */ = {isa = PBXBuildFile; fileRef = A198286820DBC2AA008C2364 /* blocks.c */; };
		A19828C120DBC2AA008C2364 /* cmark_ctype.c in Sources */ = {isa = PBXBuildFile; fileRef = A198286920DBC2AA008C2364 /* cmark_ctype.c */; };
		A19828C220DBC2AA008C2364 /* table.c in Sources */ = {isa = PBXBuildFile; fileRef = A198286A20DBC2AA008C2364 /* table.c */; };
		A19828C320DBC2AA008C2364 /* inlines.c in Sources */ = {isa = PBXBuildFile; fileRef = A198286B20DBC2AA008C2364 /* inlines.c */; };
		A19828C420DBC2AA008C2364 /* mention.c in Sources */ = {isa = PBXBuildFile; fileRef = A198286C20DBC2AA008C2364 /* mention.c */; };
		A19828C520DBC2AA008C2364 /* latex.c in Sources */ = {isa = PBXBuildFile; fileRef = A198286D20DBC2AA008C2364 /* latex.c */; };
		A19828C620DBC2AA008C2364 /* houdini_href_e.c in Sources */ = {isa = PBXBuildFile; fileRef = A198286E20DBC2AA008C2364 /* houdini_href_e.c */; };
		A19828C720DBC2AA008C2364 /* syntax_extension.c in Sources */ = {isa = PBXBuildFile; fileRef = A198286F20DBC2AA008C2364 /* syntax_extension.c */; };
		A19828C820DBC2AA008C2364 /* case_fold_switch.h in Sources */ = {isa = PBXBuildFile; fileRef = A198287020DBC2AA008C2364 /* case_fold_switch.h */; };
		A19828C920DBC2AA008C2364 /* entities.h in Sources */ = {isa = PBXBuildFile; fileRef = A198287120DBC2AA008C2364 /* entities.h */; };
		A19828CA20DBC2AA008C2364 /* ext_scanners.c in Sources */ = {isa = PBXBuildFile; fileRef = A198287220DBC2AA008C2364 /* ext_scanners.c */; };
		A19828CB20DBC2AA008C2364 /* tagfilter.c in Sources */ = {isa = PBXBuildFile; fileRef = A198287320DBC2AA008C2364 /* tagfilter.c */; };
		A19828CC20DBC2AA008C2364 /* houdini_html_e.c in Sources */ = {isa = PBXBuildFile; fileRef = A198287420DBC2AA008C2364 /* houdini_html_e.c */; };
		A19828CD20DBC2AA008C2364 /* plaintext.c in Sources */ = {isa = PBXBuildFile; fileRef = A198289720DBC2AA008C2364 /* plaintext.c */; };
		A19828CE20DBC2AA008C2364 /* utf8.c in Sources */ = {isa = PBXBuildFile; fileRef = A198289820DBC2AA008C2364 /* utf8.c */; };
		A19828CF20DBC2AA008C2364 /* references.c in Sources */ = {isa = PBXBuildFile; fileRef = A198289920DBC2AA008C2364 /* references.c */; };
		A19828D020DBC2AA008C2364 /* render.c in Sources */ = {isa = PBXBuildFile; fileRef = A198289A20DBC2AA008C2364 /* render.c */; };
		A19828D120DBC2AA008C2364 /* iterator.c in Sources */ = {isa = PBXBuildFile; fileRef = A198289B20DBC2AA008C2364 /* iterator.c */; };
		A19828D220DBC2AA008C2364 /* arena.c in Sources */ = {isa = PBXBuildFile; fileRef = A198289C20DBC2AA008C2364 /* arena.c */; };
		A19828D320DBC2AA008C2364 /* linked_list.c in Sources */ = {isa = PBXBuildFile; fileRef = A198289D20DBC2AA008C2364 /* linked_list.c */; };
		A19828D420DBC2AA008C2364 /* commonmark.c in Sources */ = {isa = PBXBuildFile; fileRef = A198289E20DBC2AA008C2364 /* commonmark.c */; };
		A19828D520DBC2AA008C2364 /* map.c in Sources */ = {isa = PBXBuildFile; fileRef = A198289F20DBC2AA008C2364 /* map.c */; };
		A19828D620DBC2AA008C2364 /* html.c in Sources */ = {isa = PBXBuildFile; fileRef = A19828A020DBC2AA008C2364 /* html.c */; };
		A19828D720DBC2AA008C2364 /* plugin.c in Sources */ = {isa = PBXBuildFile; fileRef = A19828A120DBC2AA008C2364 /* plugin.c */; };
		A19828D820DBC2AA008C2364 /* scanners.c in Sources */ = {isa = PBXBuildFile; fileRef = A19828A220DBC2AA008C2364 /* scanners.c */; };
		A19828D920DBC2AA008C2364 /* footnotes.c in Sources */ = {isa = PBXBuildFile; fileRef = A19828A420DBC2AA008C2364 /* footnotes.c */; };
		A19828DA20DBC2AA008C2364 /* checkbox.c in Sources */ = {isa = PBXBuildFile; fileRef = A19828A520DBC2AA008C2364 /* checkbox.c */; };
		A19828DB20DBC2AA008C2364 /* houdini_html_u.c in Sources */ = {isa = PBXBuildFile; fileRef = A19828A620DBC2AA008C2364 /* houdini_html_u.c */; };
		A19828DC20DBC2AA008C2364 /* registry.c in Sources */ = {isa = PBXBuildFile; fileRef = A19828A720DBC2AA008C2364 /* registry.c */; };
		A19828DD20DBC2AA008C2364 /* node.c in Sources */ = {isa = PBXBuildFile; fileRef = A19828A820DBC2AA008C2364 /* node.c */; };
		A19828DE20DBC2AA008C2364 /* core-extensions.c in Sources */ = {isa = PBXBuildFile; fileRef = A19828A920DBC2AA008C2364 /* core-extensions.c */; };
		A19828DF20DBC2AA008C2364 /* Element.swift in Sources */ = {isa = PBXBuildFile; fileRef = A19828AA20DBC2AA008C2364 /* Element.swift */; };
		A19828E020DBC2AA008C2364 /* ASTOperations.swift in Sources */ = {isa = PBXBuildFile; fileRef = A19828AB20DBC2AA008C2364 /* ASTOperations.swift */; };
		A19828E120DBC2AA008C2364 /* Node+Elements.swift in Sources */ = {isa = PBXBuildFile; fileRef = A19828AC20DBC2AA008C2364 /* Node+Elements.swift */; };
		A19828E220DBC2AA008C2364 /* Inline+TextElement.swift in Sources */ = {isa = PBXBuildFile; fileRef = A19828AE20DBC2AA008C2364 /* Inline+TextElement.swift */; };
		A19828E320DBC2AA008C2364 /* Block+ListElement.swift in Sources */ = {isa = PBXBuildFile; fileRef = A19828AF20DBC2AA008C2364 /* Block+ListElement.swift */; };
		A19828E420DBC2AA008C2364 /* Block+TextElement.swift in Sources */ = {isa = PBXBuildFile; fileRef = A19828B020DBC2AA008C2364 /* Block+TextElement.swift */; };
		A19828E520DBC2AA008C2364 /* Info.plist in Resources */ = {isa = PBXBuildFile; fileRef = A19828B120DBC2AA008C2364 /* Info.plist */; };
		A19828E620DBC2AA008C2364 /* Node.swift in Sources */ = {isa = PBXBuildFile; fileRef = A19828B220DBC2AA008C2364 /* Node.swift */; };
		A19828E720DBC2AA008C2364 /* SwiftAST.swift in Sources */ = {isa = PBXBuildFile; fileRef = A19828B320DBC2AA008C2364 /* SwiftAST.swift */; };
		A1C65FB620DE2B0D00326C60 /* Alert.swift in Sources */ = {isa = PBXBuildFile; fileRef = A1C65FB520DE2B0D00326C60 /* Alert.swift */; };
		A1C65FB920DE2CEE00326C60 /* SaveError+Extension.swift in Sources */ = {isa = PBXBuildFile; fileRef = A1C65FB820DE2CEE00326C60 /* SaveError+Extension.swift */; };
		A1D5466420D4D9CC00D1221A /* Exporter.swift in Sources */ = {isa = PBXBuildFile; fileRef = A1D5466320D4D9CC00D1221A /* Exporter.swift */; };
		A1E647DC20D1E9C000F32E55 /* EditorSplitView.swift in Sources */ = {isa = PBXBuildFile; fileRef = A1E647DB20D1E9C000F32E55 /* EditorSplitView.swift */; };
		A1F122DF20DE0D27007DFD1A /* FileSaver.swift in Sources */ = {isa = PBXBuildFile; fileRef = A1F122DE20DE0D27007DFD1A /* FileSaver.swift */; };
		A1FD269A20932CDD004D1C95 /* highlight-js in Resources */ = {isa = PBXBuildFile; fileRef = A1FD269820932CDC004D1C95 /* highlight-js */; };
/* End PBXBuildFile section */

/* Begin PBXContainerItemProxy section */
		A156AF922090606D0098BBDD /* PBXContainerItemProxy */ = {
			isa = PBXContainerItemProxy;
			containerPortal = A156AF752090606C0098BBDD /* Project object */;
			proxyType = 1;
			remoteGlobalIDString = A156AF7C2090606C0098BBDD;
			remoteInfo = Twig;
		};
		A156AF9D2090606D0098BBDD /* PBXContainerItemProxy */ = {
			isa = PBXContainerItemProxy;
			containerPortal = A156AF752090606C0098BBDD /* Project object */;
			proxyType = 1;
			remoteGlobalIDString = A156AF7C2090606C0098BBDD;
			remoteInfo = Twig;
		};
/* End PBXContainerItemProxy section */

/* Begin PBXFileReference section */
		A106D58F20DB56DA00880B7D /* MarkdownViewController+Extension.swift */ = {isa = PBXFileReference; lastKnownFileType = sourcecode.swift; path = "MarkdownViewController+Extension.swift"; sourceTree = "<group>"; };
		A127E31D20DF0F8400E13795 /* SidebarViewController.swift */ = {isa = PBXFileReference; lastKnownFileType = sourcecode.swift; path = SidebarViewController.swift; sourceTree = "<group>"; };
		A127E31F20DF13FA00E13795 /* OpenDocuments.swift */ = {isa = PBXFileReference; lastKnownFileType = sourcecode.swift; path = OpenDocuments.swift; sourceTree = "<group>"; };
		A13C23F7209153E1008557D0 /* PreferencesWindowController.swift */ = {isa = PBXFileReference; lastKnownFileType = sourcecode.swift; path = PreferencesWindowController.swift; sourceTree = "<group>"; };
		A13C23F9209167F0008557D0 /* NSColor+Extension.swift */ = {isa = PBXFileReference; lastKnownFileType = sourcecode.swift; path = "NSColor+Extension.swift"; sourceTree = "<group>"; };
		A13C23FB20919672008557D0 /* PreviewViewController.swift */ = {isa = PBXFileReference; lastKnownFileType = sourcecode.swift; path = PreviewViewController.swift; sourceTree = "<group>"; };
		A148C39F20914F0F00B1165C /* SyntaxThemes.swift */ = {isa = PBXFileReference; lastKnownFileType = sourcecode.swift; path = SyntaxThemes.swift; sourceTree = "<group>"; };
		A148C3A12091522C00B1165C /* PreferencesViewController.swift */ = {isa = PBXFileReference; lastKnownFileType = sourcecode.swift; path = PreferencesViewController.swift; sourceTree = "<group>"; };
		A156AF7D2090606C0098BBDD /* Twig.app */ = {isa = PBXFileReference; explicitFileType = wrapper.application; includeInIndex = 0; path = Twig.app; sourceTree = BUILT_PRODUCTS_DIR; };
		A156AF802090606C0098BBDD /* AppDelegate.swift */ = {isa = PBXFileReference; lastKnownFileType = sourcecode.swift; path = AppDelegate.swift; sourceTree = "<group>"; };
		A156AF822090606C0098BBDD /* MarkdownViewController.swift */ = {isa = PBXFileReference; lastKnownFileType = sourcecode.swift; path = MarkdownViewController.swift; sourceTree = "<group>"; };
		A156AF842090606C0098BBDD /* Document.swift */ = {isa = PBXFileReference; lastKnownFileType = sourcecode.swift; path = Document.swift; sourceTree = "<group>"; };
		A156AF862090606C0098BBDD /* Assets.xcassets */ = {isa = PBXFileReference; lastKnownFileType = folder.assetcatalog; path = Assets.xcassets; sourceTree = "<group>"; };
		A156AF892090606D0098BBDD /* Base */ = {isa = PBXFileReference; lastKnownFileType = file.storyboard; name = Base; path = Base.lproj/Main.storyboard; sourceTree = "<group>"; };
		A156AF8B2090606D0098BBDD /* Info.plist */ = {isa = PBXFileReference; lastKnownFileType = text.plist.xml; path = Info.plist; sourceTree = "<group>"; };
		A156AF8C2090606D0098BBDD /* Twig.entitlements */ = {isa = PBXFileReference; lastKnownFileType = text.plist.entitlements; path = Twig.entitlements; sourceTree = "<group>"; };
		A156AF912090606D0098BBDD /* TwigTests.xctest */ = {isa = PBXFileReference; explicitFileType = wrapper.cfbundle; includeInIndex = 0; path = TwigTests.xctest; sourceTree = BUILT_PRODUCTS_DIR; };
		A156AF952090606D0098BBDD /* TwigTests.swift */ = {isa = PBXFileReference; lastKnownFileType = sourcecode.swift; path = TwigTests.swift; sourceTree = "<group>"; };
		A156AF972090606D0098BBDD /* Info.plist */ = {isa = PBXFileReference; lastKnownFileType = text.plist.xml; path = Info.plist; sourceTree = "<group>"; };
		A156AF9C2090606D0098BBDD /* TwigUITests.xctest */ = {isa = PBXFileReference; explicitFileType = wrapper.cfbundle; includeInIndex = 0; path = TwigUITests.xctest; sourceTree = BUILT_PRODUCTS_DIR; };
		A156AFA02090606D0098BBDD /* TwigUITests.swift */ = {isa = PBXFileReference; lastKnownFileType = sourcecode.swift; path = TwigUITests.swift; sourceTree = "<group>"; };
		A156AFA22090606D0098BBDD /* Info.plist */ = {isa = PBXFileReference; lastKnownFileType = text.plist.xml; path = Info.plist; sourceTree = "<group>"; };
		A156AFAE209061D60098BBDD /* WindowController.swift */ = {isa = PBXFileReference; lastKnownFileType = sourcecode.swift; path = WindowController.swift; sourceTree = "<group>"; };
		A156AFB020908ECE0098BBDD /* Theme.swift */ = {isa = PBXFileReference; lastKnownFileType = sourcecode.swift; path = Theme.swift; sourceTree = "<group>"; };
		A1682E86209097E700164D78 /* NSMutableAttributedString+Extension.swift */ = {isa = PBXFileReference; lastKnownFileType = sourcecode.swift; path = "NSMutableAttributedString+Extension.swift"; sourceTree = "<group>"; };
		A182096D20919F6000016AD5 /* HTML.swift */ = {isa = PBXFileReference; lastKnownFileType = sourcecode.swift; path = HTML.swift; sourceTree = "<group>"; };
		A189EA732091E4E300DB0559 /* Markdown.css */ = {isa = PBXFileReference; lastKnownFileType = text.css; path = Markdown.css; sourceTree = "<group>"; };
		A18A0405209585C8006F6B99 /* Debouncer.swift */ = {isa = PBXFileReference; lastKnownFileType = sourcecode.swift; path = Debouncer.swift; sourceTree = "<group>"; };
		A18A040720958C8B006F6B99 /* Preferences.swift */ = {isa = PBXFileReference; lastKnownFileType = sourcecode.swift; path = Preferences.swift; sourceTree = "<group>"; };
		A18A040920958EB6006F6B99 /* Int+Extension.swift */ = {isa = PBXFileReference; lastKnownFileType = sourcecode.swift; path = "Int+Extension.swift"; sourceTree = "<group>"; };
		A198047220DB64BA0066FDA6 /* MarkdownView.swift */ = {isa = PBXFileReference; lastKnownFileType = sourcecode.swift; path = MarkdownView.swift; sourceTree = "<group>"; };
		A198047420DB7B2E0066FDA6 /* NotificationCenter+Extension.swift */ = {isa = PBXFileReference; lastKnownFileType = sourcecode.swift; path = "NotificationCenter+Extension.swift"; sourceTree = "<group>"; };
		A198285B20DBC2AA008C2364 /* ListElement.swift */ = {isa = PBXFileReference; fileEncoding = 4; lastKnownFileType = sourcecode.swift; path = ListElement.swift; sourceTree = "<group>"; };
		A198285C20DBC2AA008C2364 /* TextElement.swift */ = {isa = PBXFileReference; fileEncoding = 4; lastKnownFileType = sourcecode.swift; path = TextElement.swift; sourceTree = "<group>"; };
		A198285D20DBC2AA008C2364 /* Block+TableRow.swift */ = {isa = PBXFileReference; fileEncoding = 4; lastKnownFileType = sourcecode.swift; path = "Block+TableRow.swift"; sourceTree = "<group>"; };
		A198285E20DBC2AA008C2364 /* TableRow.swift */ = {isa = PBXFileReference; fileEncoding = 4; lastKnownFileType = sourcecode.swift; path = TableRow.swift; sourceTree = "<group>"; };
		A198285F20DBC2AA008C2364 /* LICENSE */ = {isa = PBXFileReference; fileEncoding = 4; lastKnownFileType = text; path = LICENSE; sourceTree = "<group>"; };
		A198286120DBC2AA008C2364 /* xml.c */ = {isa = PBXFileReference; fileEncoding = 4; lastKnownFileType = sourcecode.c.c; path = xml.c; sourceTree = "<group>"; };
		A198286220DBC2AA008C2364 /* strikethrough.c */ = {isa = PBXFileReference; fileEncoding = 4; lastKnownFileType = sourcecode.c.c; path = strikethrough.c; sourceTree = "<group>"; };
		A198286320DBC2AA008C2364 /* cmark.c */ = {isa = PBXFileReference; fileEncoding = 4; lastKnownFileType = sourcecode.c.c; path = cmark.c; sourceTree = "<group>"; };
		A198286420DBC2AA008C2364 /* scanners.re */ = {isa = PBXFileReference; fileEncoding = 4; lastKnownFileType = text; path = scanners.re; sourceTree = "<group>"; };
		A198286520DBC2AA008C2364 /* man.c */ = {isa = PBXFileReference; fileEncoding = 4; lastKnownFileType = sourcecode.c.c; path = man.c; sourceTree = "<group>"; };
		A198286620DBC2AA008C2364 /* buffer.c */ = {isa = PBXFileReference; fileEncoding = 4; lastKnownFileType = sourcecode.c.c; path = buffer.c; sourceTree = "<group>"; };
		A198286720DBC2AA008C2364 /* autolink.c */ = {isa = PBXFileReference; fileEncoding = 4; lastKnownFileType = sourcecode.c.c; path = autolink.c; sourceTree = "<group>"; };
		A198286820DBC2AA008C2364 /* blocks.c */ = {isa = PBXFileReference; fileEncoding = 4; lastKnownFileType = sourcecode.c.c; path = blocks.c; sourceTree = "<group>"; };
		A198286920DBC2AA008C2364 /* cmark_ctype.c */ = {isa = PBXFileReference; fileEncoding = 4; lastKnownFileType = sourcecode.c.c; path = cmark_ctype.c; sourceTree = "<group>"; };
		A198286A20DBC2AA008C2364 /* table.c */ = {isa = PBXFileReference; fileEncoding = 4; lastKnownFileType = sourcecode.c.c; path = table.c; sourceTree = "<group>"; };
		A198286B20DBC2AA008C2364 /* inlines.c */ = {isa = PBXFileReference; fileEncoding = 4; lastKnownFileType = sourcecode.c.c; path = inlines.c; sourceTree = "<group>"; };
		A198286C20DBC2AA008C2364 /* mention.c */ = {isa = PBXFileReference; fileEncoding = 4; lastKnownFileType = sourcecode.c.c; path = mention.c; sourceTree = "<group>"; };
		A198286D20DBC2AA008C2364 /* latex.c */ = {isa = PBXFileReference; fileEncoding = 4; lastKnownFileType = sourcecode.c.c; path = latex.c; sourceTree = "<group>"; };
		A198286E20DBC2AA008C2364 /* houdini_href_e.c */ = {isa = PBXFileReference; fileEncoding = 4; lastKnownFileType = sourcecode.c.c; path = houdini_href_e.c; sourceTree = "<group>"; };
		A198286F20DBC2AA008C2364 /* syntax_extension.c */ = {isa = PBXFileReference; fileEncoding = 4; lastKnownFileType = sourcecode.c.c; path = syntax_extension.c; sourceTree = "<group>"; };
		A198287020DBC2AA008C2364 /* case_fold_switch.h */ = {isa = PBXFileReference; fileEncoding = 4; lastKnownFileType = sourcecode.c.h; path = case_fold_switch.h; sourceTree = "<group>"; };
		A198287120DBC2AA008C2364 /* entities.h */ = {isa = PBXFileReference; fileEncoding = 4; lastKnownFileType = sourcecode.c.h; path = entities.h; sourceTree = "<group>"; };
		A198287220DBC2AA008C2364 /* ext_scanners.c */ = {isa = PBXFileReference; fileEncoding = 4; lastKnownFileType = sourcecode.c.c; path = ext_scanners.c; sourceTree = "<group>"; };
		A198287320DBC2AA008C2364 /* tagfilter.c */ = {isa = PBXFileReference; fileEncoding = 4; lastKnownFileType = sourcecode.c.c; path = tagfilter.c; sourceTree = "<group>"; };
		A198287420DBC2AA008C2364 /* houdini_html_e.c */ = {isa = PBXFileReference; fileEncoding = 4; lastKnownFileType = sourcecode.c.c; path = houdini_html_e.c; sourceTree = "<group>"; };
		A198287620DBC2AA008C2364 /* cmarkextensions_export.h */ = {isa = PBXFileReference; fileEncoding = 4; lastKnownFileType = sourcecode.c.h; path = cmarkextensions_export.h; sourceTree = "<group>"; };
		A198287720DBC2AA008C2364 /* cmark_export.h */ = {isa = PBXFileReference; fileEncoding = 4; lastKnownFileType = sourcecode.c.h; path = cmark_export.h; sourceTree = "<group>"; };
		A198287820DBC2AA008C2364 /* html.h */ = {isa = PBXFileReference; fileEncoding = 4; lastKnownFileType = sourcecode.c.h; path = html.h; sourceTree = "<group>"; };
		A198287920DBC2AA008C2364 /* plugin.h */ = {isa = PBXFileReference; fileEncoding = 4; lastKnownFileType = sourcecode.c.h; path = plugin.h; sourceTree = "<group>"; };
		A198287A20DBC2AA008C2364 /* map.h */ = {isa = PBXFileReference; fileEncoding = 4; lastKnownFileType = sourcecode.c.h; path = map.h; sourceTree = "<group>"; };
		A198287B20DBC2AA008C2364 /* config.h */ = {isa = PBXFileReference; fileEncoding = 4; lastKnownFileType = sourcecode.c.h; path = config.h; sourceTree = "<group>"; };
		A198287C20DBC2AA008C2364 /* chunk.h */ = {isa = PBXFileReference; fileEncoding = 4; lastKnownFileType = sourcecode.c.h; path = chunk.h; sourceTree = "<group>"; };
		A198287D20DBC2AA008C2364 /* footnotes.h */ = {isa = PBXFileReference; fileEncoding = 4; lastKnownFileType = sourcecode.c.h; path = footnotes.h; sourceTree = "<group>"; };
		A198287E20DBC2AA008C2364 /* parser.h */ = {isa = PBXFileReference; fileEncoding = 4; lastKnownFileType = sourcecode.c.h; path = parser.h; sourceTree = "<group>"; };
		A198287F20DBC2AA008C2364 /* scanners.h */ = {isa = PBXFileReference; fileEncoding = 4; lastKnownFileType = sourcecode.c.h; path = scanners.h; sourceTree = "<group>"; };
		A198288020DBC2AA008C2364 /* libcmark_gfm.h */ = {isa = PBXFileReference; fileEncoding = 4; lastKnownFileType = sourcecode.c.h; path = libcmark_gfm.h; sourceTree = "<group>"; };
		A198288120DBC2AA008C2364 /* node.h */ = {isa = PBXFileReference; fileEncoding = 4; lastKnownFileType = sourcecode.c.h; path = node.h; sourceTree = "<group>"; };
		A198288220DBC2AA008C2364 /* core-extensions.h */ = {isa = PBXFileReference; fileEncoding = 4; lastKnownFileType = sourcecode.c.h; path = "core-extensions.h"; sourceTree = "<group>"; };
		A198288320DBC2AA008C2364 /* registry.h */ = {isa = PBXFileReference; fileEncoding = 4; lastKnownFileType = sourcecode.c.h; path = registry.h; sourceTree = "<group>"; };
		A198288420DBC2AA008C2364 /* cmark_version.h */ = {isa = PBXFileReference; fileEncoding = 4; lastKnownFileType = sourcecode.c.h; path = cmark_version.h; sourceTree = "<group>"; };
		A198288520DBC2AA008C2364 /* checkbox.h */ = {isa = PBXFileReference; fileEncoding = 4; lastKnownFileType = sourcecode.c.h; path = checkbox.h; sourceTree = "<group>"; };
		A198288620DBC2AA008C2364 /* autolink.h */ = {isa = PBXFileReference; fileEncoding = 4; lastKnownFileType = sourcecode.c.h; path = autolink.h; sourceTree = "<group>"; };
		A198288720DBC2AA008C2364 /* cmark_ctype.h */ = {isa = PBXFileReference; fileEncoding = 4; lastKnownFileType = sourcecode.c.h; path = cmark_ctype.h; sourceTree = "<group>"; };
		A198288820DBC2AA008C2364 /* buffer.h */ = {isa = PBXFileReference; fileEncoding = 4; lastKnownFileType = sourcecode.c.h; path = buffer.h; sourceTree = "<group>"; };
		A198288920DBC2AA008C2364 /* cmark.h */ = {isa = PBXFileReference; fileEncoding = 4; lastKnownFileType = sourcecode.c.h; path = cmark.h; sourceTree = "<group>"; };
		A198288A20DBC2AA008C2364 /* strikethrough.h */ = {isa = PBXFileReference; fileEncoding = 4; lastKnownFileType = sourcecode.c.h; path = strikethrough.h; sourceTree = "<group>"; };
		A198288B20DBC2AA008C2364 /* cmark_extension_api.h */ = {isa = PBXFileReference; fileEncoding = 4; lastKnownFileType = sourcecode.c.h; path = cmark_extension_api.h; sourceTree = "<group>"; };
		A198288C20DBC2AA008C2364 /* syntax_extension.h */ = {isa = PBXFileReference; fileEncoding = 4; lastKnownFileType = sourcecode.c.h; path = syntax_extension.h; sourceTree = "<group>"; };
		A198288D20DBC2AA008C2364 /* mention.h */ = {isa = PBXFileReference; fileEncoding = 4; lastKnownFileType = sourcecode.c.h; path = mention.h; sourceTree = "<group>"; };
		A198288E20DBC2AA008C2364 /* inlines.h */ = {isa = PBXFileReference; fileEncoding = 4; lastKnownFileType = sourcecode.c.h; path = inlines.h; sourceTree = "<group>"; };
		A198288F20DBC2AA008C2364 /* table.h */ = {isa = PBXFileReference; fileEncoding = 4; lastKnownFileType = sourcecode.c.h; path = table.h; sourceTree = "<group>"; };
		A198289020DBC2AA008C2364 /* tagfilter.h */ = {isa = PBXFileReference; fileEncoding = 4; lastKnownFileType = sourcecode.c.h; path = tagfilter.h; sourceTree = "<group>"; };
		A198289120DBC2AA008C2364 /* ext_scanners.h */ = {isa = PBXFileReference; fileEncoding = 4; lastKnownFileType = sourcecode.c.h; path = ext_scanners.h; sourceTree = "<group>"; };
		A198289220DBC2AA008C2364 /* houdini.h */ = {isa = PBXFileReference; fileEncoding = 4; lastKnownFileType = sourcecode.c.h; path = houdini.h; sourceTree = "<group>"; };
		A198289320DBC2AA008C2364 /* iterator.h */ = {isa = PBXFileReference; fileEncoding = 4; lastKnownFileType = sourcecode.c.h; path = iterator.h; sourceTree = "<group>"; };
		A198289420DBC2AA008C2364 /* utf8.h */ = {isa = PBXFileReference; fileEncoding = 4; lastKnownFileType = sourcecode.c.h; path = utf8.h; sourceTree = "<group>"; };
		A198289520DBC2AA008C2364 /* references.h */ = {isa = PBXFileReference; fileEncoding = 4; lastKnownFileType = sourcecode.c.h; path = references.h; sourceTree = "<group>"; };
		A198289620DBC2AA008C2364 /* render.h */ = {isa = PBXFileReference; fileEncoding = 4; lastKnownFileType = sourcecode.c.h; path = render.h; sourceTree = "<group>"; };
		A198289720DBC2AA008C2364 /* plaintext.c */ = {isa = PBXFileReference; fileEncoding = 4; lastKnownFileType = sourcecode.c.c; path = plaintext.c; sourceTree = "<group>"; };
		A198289820DBC2AA008C2364 /* utf8.c */ = {isa = PBXFileReference; fileEncoding = 4; lastKnownFileType = sourcecode.c.c; path = utf8.c; sourceTree = "<group>"; };
		A198289920DBC2AA008C2364 /* references.c */ = {isa = PBXFileReference; fileEncoding = 4; lastKnownFileType = sourcecode.c.c; path = references.c; sourceTree = "<group>"; };
		A198289A20DBC2AA008C2364 /* render.c */ = {isa = PBXFileReference; fileEncoding = 4; lastKnownFileType = sourcecode.c.c; path = render.c; sourceTree = "<group>"; };
		A198289B20DBC2AA008C2364 /* iterator.c */ = {isa = PBXFileReference; fileEncoding = 4; lastKnownFileType = sourcecode.c.c; path = iterator.c; sourceTree = "<group>"; };
		A198289C20DBC2AA008C2364 /* arena.c */ = {isa = PBXFileReference; fileEncoding = 4; lastKnownFileType = sourcecode.c.c; path = arena.c; sourceTree = "<group>"; };
		A198289D20DBC2AA008C2364 /* linked_list.c */ = {isa = PBXFileReference; fileEncoding = 4; lastKnownFileType = sourcecode.c.c; path = linked_list.c; sourceTree = "<group>"; };
		A198289E20DBC2AA008C2364 /* commonmark.c */ = {isa = PBXFileReference; fileEncoding = 4; lastKnownFileType = sourcecode.c.c; path = commonmark.c; sourceTree = "<group>"; };
		A198289F20DBC2AA008C2364 /* map.c */ = {isa = PBXFileReference; fileEncoding = 4; lastKnownFileType = sourcecode.c.c; path = map.c; sourceTree = "<group>"; };
		A19828A020DBC2AA008C2364 /* html.c */ = {isa = PBXFileReference; fileEncoding = 4; lastKnownFileType = sourcecode.c.c; path = html.c; sourceTree = "<group>"; };
		A19828A120DBC2AA008C2364 /* plugin.c */ = {isa = PBXFileReference; fileEncoding = 4; lastKnownFileType = sourcecode.c.c; path = plugin.c; sourceTree = "<group>"; };
		A19828A220DBC2AA008C2364 /* scanners.c */ = {isa = PBXFileReference; fileEncoding = 4; lastKnownFileType = sourcecode.c.c; path = scanners.c; sourceTree = "<group>"; };
		A19828A320DBC2AA008C2364 /* module.modulemap */ = {isa = PBXFileReference; fileEncoding = 4; lastKnownFileType = "sourcecode.module-map"; path = module.modulemap; sourceTree = "<group>"; };
		A19828A420DBC2AA008C2364 /* footnotes.c */ = {isa = PBXFileReference; fileEncoding = 4; lastKnownFileType = sourcecode.c.c; path = footnotes.c; sourceTree = "<group>"; };
		A19828A520DBC2AA008C2364 /* checkbox.c */ = {isa = PBXFileReference; fileEncoding = 4; lastKnownFileType = sourcecode.c.c; path = checkbox.c; sourceTree = "<group>"; };
		A19828A620DBC2AA008C2364 /* houdini_html_u.c */ = {isa = PBXFileReference; fileEncoding = 4; lastKnownFileType = sourcecode.c.c; path = houdini_html_u.c; sourceTree = "<group>"; };
		A19828A720DBC2AA008C2364 /* registry.c */ = {isa = PBXFileReference; fileEncoding = 4; lastKnownFileType = sourcecode.c.c; path = registry.c; sourceTree = "<group>"; };
		A19828A820DBC2AA008C2364 /* node.c */ = {isa = PBXFileReference; fileEncoding = 4; lastKnownFileType = sourcecode.c.c; path = node.c; sourceTree = "<group>"; };
		A19828A920DBC2AA008C2364 /* core-extensions.c */ = {isa = PBXFileReference; fileEncoding = 4; lastKnownFileType = sourcecode.c.c; path = "core-extensions.c"; sourceTree = "<group>"; };
		A19828AA20DBC2AA008C2364 /* Element.swift */ = {isa = PBXFileReference; fileEncoding = 4; lastKnownFileType = sourcecode.swift; path = Element.swift; sourceTree = "<group>"; };
		A19828AB20DBC2AA008C2364 /* ASTOperations.swift */ = {isa = PBXFileReference; fileEncoding = 4; lastKnownFileType = sourcecode.swift; path = ASTOperations.swift; sourceTree = "<group>"; };
		A19828AC20DBC2AA008C2364 /* Node+Elements.swift */ = {isa = PBXFileReference; fileEncoding = 4; lastKnownFileType = sourcecode.swift; path = "Node+Elements.swift"; sourceTree = "<group>"; };
		A19828AD20DBC2AA008C2364 /* cmark-gfm-swift.h */ = {isa = PBXFileReference; fileEncoding = 4; lastKnownFileType = sourcecode.c.h; path = "cmark-gfm-swift.h"; sourceTree = "<group>"; };
		A19828AE20DBC2AA008C2364 /* Inline+TextElement.swift */ = {isa = PBXFileReference; fileEncoding = 4; lastKnownFileType = sourcecode.swift; path = "Inline+TextElement.swift"; sourceTree = "<group>"; };
		A19828AF20DBC2AA008C2364 /* Block+ListElement.swift */ = {isa = PBXFileReference; fileEncoding = 4; lastKnownFileType = sourcecode.swift; path = "Block+ListElement.swift"; sourceTree = "<group>"; };
		A19828B020DBC2AA008C2364 /* Block+TextElement.swift */ = {isa = PBXFileReference; fileEncoding = 4; lastKnownFileType = sourcecode.swift; path = "Block+TextElement.swift"; sourceTree = "<group>"; };
		A19828B120DBC2AA008C2364 /* Info.plist */ = {isa = PBXFileReference; fileEncoding = 4; lastKnownFileType = text.plist.xml; path = Info.plist; sourceTree = "<group>"; };
		A19828B220DBC2AA008C2364 /* Node.swift */ = {isa = PBXFileReference; fileEncoding = 4; lastKnownFileType = sourcecode.swift; path = Node.swift; sourceTree = "<group>"; };
		A19828B320DBC2AA008C2364 /* SwiftAST.swift */ = {isa = PBXFileReference; fileEncoding = 4; lastKnownFileType = sourcecode.swift; path = SwiftAST.swift; sourceTree = "<group>"; };
		A1C65FB520DE2B0D00326C60 /* Alert.swift */ = {isa = PBXFileReference; lastKnownFileType = sourcecode.swift; path = Alert.swift; sourceTree = "<group>"; };
		A1C65FB820DE2CEE00326C60 /* SaveError+Extension.swift */ = {isa = PBXFileReference; lastKnownFileType = sourcecode.swift; path = "SaveError+Extension.swift"; sourceTree = "<group>"; };
		A1D5466320D4D9CC00D1221A /* Exporter.swift */ = {isa = PBXFileReference; lastKnownFileType = sourcecode.swift; path = Exporter.swift; sourceTree = "<group>"; };
		A1E647DB20D1E9C000F32E55 /* EditorSplitView.swift */ = {isa = PBXFileReference; lastKnownFileType = sourcecode.swift; path = EditorSplitView.swift; sourceTree = "<group>"; };
		A1F122DE20DE0D27007DFD1A /* FileSaver.swift */ = {isa = PBXFileReference; lastKnownFileType = sourcecode.swift; path = FileSaver.swift; sourceTree = "<group>"; };
		A1FD269820932CDC004D1C95 /* highlight-js */ = {isa = PBXFileReference; lastKnownFileType = folder; path = "highlight-js"; sourceTree = "<group>"; };
		B2BE6FC4D33EB0DD8E860B17 /* Pods-Twig.debug.xcconfig */ = {isa = PBXFileReference; includeInIndex = 1; lastKnownFileType = text.xcconfig; name = "Pods-Twig.debug.xcconfig"; path = "Pods/Target Support Files/Pods-Twig/Pods-Twig.debug.xcconfig"; sourceTree = "<group>"; };
		B66B7DAE689A6827E658233B /* Pods_Twig.framework */ = {isa = PBXFileReference; explicitFileType = wrapper.framework; includeInIndex = 0; path = Pods_Twig.framework; sourceTree = BUILT_PRODUCTS_DIR; };
		DE61D6DEDFEA5C5AF04564BE /* Pods-Twig.release.xcconfig */ = {isa = PBXFileReference; includeInIndex = 1; lastKnownFileType = text.xcconfig; name = "Pods-Twig.release.xcconfig"; path = "Pods/Target Support Files/Pods-Twig/Pods-Twig.release.xcconfig"; sourceTree = "<group>"; };
/* End PBXFileReference section */

/* Begin PBXFrameworksBuildPhase section */
		A156AF7A2090606C0098BBDD /* Frameworks */ = {
			isa = PBXFrameworksBuildPhase;
			buildActionMask = 2147483647;
			files = (
				5EC2EB6C996D63F9FA158160 /* Pods_Twig.framework in Frameworks */,
			);
			runOnlyForDeploymentPostprocessing = 0;
		};
		A156AF8E2090606D0098BBDD /* Frameworks */ = {
			isa = PBXFrameworksBuildPhase;
			buildActionMask = 2147483647;
			files = (
			);
			runOnlyForDeploymentPostprocessing = 0;
		};
		A156AF992090606D0098BBDD /* Frameworks */ = {
			isa = PBXFrameworksBuildPhase;
			buildActionMask = 2147483647;
			files = (
			);
			runOnlyForDeploymentPostprocessing = 0;
		};
/* End PBXFrameworksBuildPhase section */

/* Begin PBXGroup section */
		A142C98020D67389002ED94F /* Controllers */ = {
			isa = PBXGroup;
			children = (
				A156AF822090606C0098BBDD /* MarkdownViewController.swift */,
				A148C3A12091522C00B1165C /* PreferencesViewController.swift */,
				A13C23F7209153E1008557D0 /* PreferencesWindowController.swift */,
				A13C23FB20919672008557D0 /* PreviewViewController.swift */,
				A156AFAE209061D60098BBDD /* WindowController.swift */,
				A127E31D20DF0F8400E13795 /* SidebarViewController.swift */,
			);
			path = Controllers;
			sourceTree = "<group>";
		};
		A142C98120D67389002ED94F /* Models */ = {
			isa = PBXGroup;
			children = (
				A156AF842090606C0098BBDD /* Document.swift */,
				A182096D20919F6000016AD5 /* HTML.swift */,
				A18A040720958C8B006F6B99 /* Preferences.swift */,
				A156AFB020908ECE0098BBDD /* Theme.swift */,
				A127E31F20DF13FA00E13795 /* OpenDocuments.swift */,
			);
			path = Models;
			sourceTree = "<group>";
		};
		A142C98220D67389002ED94F /* Helpers */ = {
			isa = PBXGroup;
			children = (
				A18A0405209585C8006F6B99 /* Debouncer.swift */,
				A1D5466320D4D9CC00D1221A /* Exporter.swift */,
				A148C39F20914F0F00B1165C /* SyntaxThemes.swift */,
				A1F122DE20DE0D27007DFD1A /* FileSaver.swift */,
				A1C65FB520DE2B0D00326C60 /* Alert.swift */,
			);
			path = Helpers;
			sourceTree = "<group>";
		};
		A142C98320D673B0002ED94F /* Views */ = {
			isa = PBXGroup;
			children = (
				A1E647DB20D1E9C000F32E55 /* EditorSplitView.swift */,
				A198047220DB64BA0066FDA6 /* MarkdownView.swift */,
			);
			path = Views;
			sourceTree = "<group>";
		};
		A156AF742090606C0098BBDD = {
			isa = PBXGroup;
			children = (
				AF85BB3E71369DF39A9597F6 /* Frameworks */,
				E4FB2329AC3DC77FB4340593 /* Pods */,
				A156AF7E2090606C0098BBDD /* Products */,
				A189EA722091E4E300DB0559 /* Resources */,
				A156AF7F2090606C0098BBDD /* Twig */,
				A156AF942090606D0098BBDD /* TwigTests */,
				A156AF9F2090606D0098BBDD /* TwigUITests */,
			);
			sourceTree = "<group>";
		};
		A156AF7E2090606C0098BBDD /* Products */ = {
			isa = PBXGroup;
			children = (
				A156AF7D2090606C0098BBDD /* Twig.app */,
				A156AF912090606D0098BBDD /* TwigTests.xctest */,
				A156AF9C2090606D0098BBDD /* TwigUITests.xctest */,
			);
			name = Products;
			sourceTree = "<group>";
		};
		A156AF7F2090606C0098BBDD /* Twig */ = {
			isa = PBXGroup;
			children = (
				A156AF802090606C0098BBDD /* AppDelegate.swift */,
				A156AF862090606C0098BBDD /* Assets.xcassets */,
				A142C98020D67389002ED94F /* Controllers */,
				A1682E85209097D500164D78 /* Extensions */,
				A142C98220D67389002ED94F /* Helpers */,
				A156AF8B2090606D0098BBDD /* Info.plist */,
				A198285920DBC2AA008C2364 /* Libraries */,
				A156AF882090606D0098BBDD /* Main.storyboard */,
				A142C98120D67389002ED94F /* Models */,
				A156AF8C2090606D0098BBDD /* Twig.entitlements */,
				A142C98320D673B0002ED94F /* Views */,
			);
			path = Twig;
			sourceTree = "<group>";
		};
		A156AF942090606D0098BBDD /* TwigTests */ = {
			isa = PBXGroup;
			children = (
				A156AF952090606D0098BBDD /* TwigTests.swift */,
				A156AF972090606D0098BBDD /* Info.plist */,
			);
			path = TwigTests;
			sourceTree = "<group>";
		};
		A156AF9F2090606D0098BBDD /* TwigUITests */ = {
			isa = PBXGroup;
			children = (
				A156AFA02090606D0098BBDD /* TwigUITests.swift */,
				A156AFA22090606D0098BBDD /* Info.plist */,
			);
			path = TwigUITests;
			sourceTree = "<group>";
		};
		A1682E85209097D500164D78 /* Extensions */ = {
			isa = PBXGroup;
			children = (
				A1C65FB720DE2CDC00326C60 /* Errors */,
				A18A040920958EB6006F6B99 /* Int+Extension.swift */,
				A106D58F20DB56DA00880B7D /* MarkdownViewController+Extension.swift */,
				A198047420DB7B2E0066FDA6 /* NotificationCenter+Extension.swift */,
				A13C23F9209167F0008557D0 /* NSColor+Extension.swift */,
				A1682E86209097E700164D78 /* NSMutableAttributedString+Extension.swift */,
			);
			path = Extensions;
			sourceTree = "<group>";
		};
		A189EA722091E4E300DB0559 /* Resources */ = {
			isa = PBXGroup;
			children = (
				A1FD269820932CDC004D1C95 /* highlight-js */,
				A189EA732091E4E300DB0559 /* Markdown.css */,
			);
			path = Resources;
			sourceTree = "<group>";
		};
		A198285920DBC2AA008C2364 /* Libraries */ = {
			isa = PBXGroup;
			children = (
				A198285A20DBC2AA008C2364 /* cmark-gfm-swift */,
			);
			path = Libraries;
			sourceTree = "<group>";
		};
		A198285A20DBC2AA008C2364 /* cmark-gfm-swift */ = {
			isa = PBXGroup;
			children = (
				A19828AB20DBC2AA008C2364 /* ASTOperations.swift */,
				A19828AF20DBC2AA008C2364 /* Block+ListElement.swift */,
				A198285D20DBC2AA008C2364 /* Block+TableRow.swift */,
				A19828B020DBC2AA008C2364 /* Block+TextElement.swift */,
				A198286020DBC2AA008C2364 /* cmark_gfm */,
				A19828AD20DBC2AA008C2364 /* cmark-gfm-swift.h */,
				A19828AA20DBC2AA008C2364 /* Element.swift */,
				A19828B120DBC2AA008C2364 /* Info.plist */,
				A19828AE20DBC2AA008C2364 /* Inline+TextElement.swift */,
				A198285F20DBC2AA008C2364 /* LICENSE */,
				A198285B20DBC2AA008C2364 /* ListElement.swift */,
				A19828B220DBC2AA008C2364 /* Node.swift */,
				A19828AC20DBC2AA008C2364 /* Node+Elements.swift */,
				A19828B320DBC2AA008C2364 /* SwiftAST.swift */,
				A198285E20DBC2AA008C2364 /* TableRow.swift */,
				A198285C20DBC2AA008C2364 /* TextElement.swift */,
			);
			path = "cmark-gfm-swift";
			sourceTree = "<group>";
		};
		A198286020DBC2AA008C2364 /* cmark_gfm */ = {
			isa = PBXGroup;
			children = (
				A198289C20DBC2AA008C2364 /* arena.c */,
				A198286720DBC2AA008C2364 /* autolink.c */,
				A198286820DBC2AA008C2364 /* blocks.c */,
				A198286620DBC2AA008C2364 /* buffer.c */,
				A19828A520DBC2AA008C2364 /* checkbox.c */,
				A198286920DBC2AA008C2364 /* cmark_ctype.c */,
				A198286320DBC2AA008C2364 /* cmark.c */,
				A198289E20DBC2AA008C2364 /* commonmark.c */,
				A19828A920DBC2AA008C2364 /* core-extensions.c */,
				A198287220DBC2AA008C2364 /* ext_scanners.c */,
				A19828A420DBC2AA008C2364 /* footnotes.c */,
				A198286E20DBC2AA008C2364 /* houdini_href_e.c */,
				A198287420DBC2AA008C2364 /* houdini_html_e.c */,
				A19828A620DBC2AA008C2364 /* houdini_html_u.c */,
				A19828A020DBC2AA008C2364 /* html.c */,
				A198287520DBC2AA008C2364 /* include */,
				A198286B20DBC2AA008C2364 /* inlines.c */,
				A198289B20DBC2AA008C2364 /* iterator.c */,
				A198286D20DBC2AA008C2364 /* latex.c */,
				A198289D20DBC2AA008C2364 /* linked_list.c */,
				A198286520DBC2AA008C2364 /* man.c */,
				A198289F20DBC2AA008C2364 /* map.c */,
				A198286C20DBC2AA008C2364 /* mention.c */,
				A19828A320DBC2AA008C2364 /* module.modulemap */,
				A19828A820DBC2AA008C2364 /* node.c */,
				A198289720DBC2AA008C2364 /* plaintext.c */,
				A19828A120DBC2AA008C2364 /* plugin.c */,
				A198289920DBC2AA008C2364 /* references.c */,
				A19828A720DBC2AA008C2364 /* registry.c */,
				A198289A20DBC2AA008C2364 /* render.c */,
				A19828A220DBC2AA008C2364 /* scanners.c */,
				A198286420DBC2AA008C2364 /* scanners.re */,
				A198286220DBC2AA008C2364 /* strikethrough.c */,
				A198286F20DBC2AA008C2364 /* syntax_extension.c */,
				A198286A20DBC2AA008C2364 /* table.c */,
				A198287320DBC2AA008C2364 /* tagfilter.c */,
				A198289820DBC2AA008C2364 /* utf8.c */,
				A198286120DBC2AA008C2364 /* xml.c */,
			);
			path = cmark_gfm;
			sourceTree = "<group>";
		};
		A198287520DBC2AA008C2364 /* include */ = {
			isa = PBXGroup;
			children = (
				A198287020DBC2AA008C2364 /* case_fold_switch.h */,
				A198287120DBC2AA008C2364 /* entities.h */,
				A198288620DBC2AA008C2364 /* autolink.h */,
				A198288820DBC2AA008C2364 /* buffer.h */,
				A198288520DBC2AA008C2364 /* checkbox.h */,
				A198287C20DBC2AA008C2364 /* chunk.h */,
				A198288720DBC2AA008C2364 /* cmark_ctype.h */,
				A198287720DBC2AA008C2364 /* cmark_export.h */,
				A198288B20DBC2AA008C2364 /* cmark_extension_api.h */,
				A198288420DBC2AA008C2364 /* cmark_version.h */,
				A198288920DBC2AA008C2364 /* cmark.h */,
				A198287620DBC2AA008C2364 /* cmarkextensions_export.h */,
				A198287B20DBC2AA008C2364 /* config.h */,
				A198288220DBC2AA008C2364 /* core-extensions.h */,
				A198289120DBC2AA008C2364 /* ext_scanners.h */,
				A198287D20DBC2AA008C2364 /* footnotes.h */,
				A198289220DBC2AA008C2364 /* houdini.h */,
				A198287820DBC2AA008C2364 /* html.h */,
				A198288E20DBC2AA008C2364 /* inlines.h */,
				A198289320DBC2AA008C2364 /* iterator.h */,
				A198288020DBC2AA008C2364 /* libcmark_gfm.h */,
				A198287A20DBC2AA008C2364 /* map.h */,
				A198288D20DBC2AA008C2364 /* mention.h */,
				A198288120DBC2AA008C2364 /* node.h */,
				A198287E20DBC2AA008C2364 /* parser.h */,
				A198287920DBC2AA008C2364 /* plugin.h */,
				A198289520DBC2AA008C2364 /* references.h */,
				A198288320DBC2AA008C2364 /* registry.h */,
				A198289620DBC2AA008C2364 /* render.h */,
				A198287F20DBC2AA008C2364 /* scanners.h */,
				A198288A20DBC2AA008C2364 /* strikethrough.h */,
				A198288C20DBC2AA008C2364 /* syntax_extension.h */,
				A198288F20DBC2AA008C2364 /* table.h */,
				A198289020DBC2AA008C2364 /* tagfilter.h */,
				A198289420DBC2AA008C2364 /* utf8.h */,
			);
			path = include;
			sourceTree = "<group>";
		};
		A1C65FB720DE2CDC00326C60 /* Errors */ = {
			isa = PBXGroup;
			children = (
				A1C65FB820DE2CEE00326C60 /* SaveError+Extension.swift */,
			);
			path = Errors;
			sourceTree = "<group>";
		};
		AF85BB3E71369DF39A9597F6 /* Frameworks */ = {
			isa = PBXGroup;
			children = (
				B66B7DAE689A6827E658233B /* Pods_Twig.framework */,
			);
			name = Frameworks;
			sourceTree = "<group>";
		};
		E4FB2329AC3DC77FB4340593 /* Pods */ = {
			isa = PBXGroup;
			children = (
				B2BE6FC4D33EB0DD8E860B17 /* Pods-Twig.debug.xcconfig */,
				DE61D6DEDFEA5C5AF04564BE /* Pods-Twig.release.xcconfig */,
			);
			name = Pods;
			sourceTree = "<group>";
		};
/* End PBXGroup section */

/* Begin PBXNativeTarget section */
		A156AF7C2090606C0098BBDD /* Twig */ = {
			isa = PBXNativeTarget;
			buildConfigurationList = A156AFA52090606D0098BBDD /* Build configuration list for PBXNativeTarget "Twig" */;
			buildPhases = (
				1C9E57CBD9210A5F16D7F6F9 /* [CP] Check Pods Manifest.lock */,
				A156AF792090606C0098BBDD /* Sources */,
				A156AF7A2090606C0098BBDD /* Frameworks */,
				A156AF7B2090606C0098BBDD /* Resources */,
				51CE2BB76FF74BE199796301 /* [CP] Embed Pods Frameworks */,
				A185F49520DE4E55000B9D44 /* ShellScript */,
			);
			buildRules = (
			);
			dependencies = (
			);
			name = Twig;
			productName = Twig;
			productReference = A156AF7D2090606C0098BBDD /* Twig.app */;
			productType = "com.apple.product-type.application";
		};
		A156AF902090606D0098BBDD /* TwigTests */ = {
			isa = PBXNativeTarget;
			buildConfigurationList = A156AFA82090606D0098BBDD /* Build configuration list for PBXNativeTarget "TwigTests" */;
			buildPhases = (
				A156AF8D2090606D0098BBDD /* Sources */,
				A156AF8E2090606D0098BBDD /* Frameworks */,
				A156AF8F2090606D0098BBDD /* Resources */,
			);
			buildRules = (
			);
			dependencies = (
				A156AF932090606D0098BBDD /* PBXTargetDependency */,
			);
			name = TwigTests;
			productName = TwigTests;
			productReference = A156AF912090606D0098BBDD /* TwigTests.xctest */;
			productType = "com.apple.product-type.bundle.unit-test";
		};
		A156AF9B2090606D0098BBDD /* TwigUITests */ = {
			isa = PBXNativeTarget;
			buildConfigurationList = A156AFAB2090606D0098BBDD /* Build configuration list for PBXNativeTarget "TwigUITests" */;
			buildPhases = (
				A156AF982090606D0098BBDD /* Sources */,
				A156AF992090606D0098BBDD /* Frameworks */,
				A156AF9A2090606D0098BBDD /* Resources */,
			);
			buildRules = (
			);
			dependencies = (
				A156AF9E2090606D0098BBDD /* PBXTargetDependency */,
			);
			name = TwigUITests;
			productName = TwigUITests;
			productReference = A156AF9C2090606D0098BBDD /* TwigUITests.xctest */;
			productType = "com.apple.product-type.bundle.ui-testing";
		};
/* End PBXNativeTarget section */

/* Begin PBXProject section */
		A156AF752090606C0098BBDD /* Project object */ = {
			isa = PBXProject;
			attributes = {
				LastSwiftUpdateCheck = 0930;
				LastUpgradeCheck = 0930;
				ORGANIZATIONNAME = "Luka Kerr";
				TargetAttributes = {
					A156AF7C2090606C0098BBDD = {
						CreatedOnToolsVersion = 9.3;
						LastSwiftMigration = 1000;
						SystemCapabilities = {
							com.apple.Sandbox = {
								enabled = 1;
							};
						};
					};
					A156AF902090606D0098BBDD = {
						CreatedOnToolsVersion = 9.3;
						LastSwiftMigration = 1000;
						TestTargetID = A156AF7C2090606C0098BBDD;
					};
					A156AF9B2090606D0098BBDD = {
						CreatedOnToolsVersion = 9.3;
						LastSwiftMigration = 1000;
						TestTargetID = A156AF7C2090606C0098BBDD;
					};
				};
			};
			buildConfigurationList = A156AF782090606C0098BBDD /* Build configuration list for PBXProject "Twig" */;
			compatibilityVersion = "Xcode 9.3";
			developmentRegion = en;
			hasScannedForEncodings = 0;
			knownRegions = (
				en,
				Base,
			);
			mainGroup = A156AF742090606C0098BBDD;
			productRefGroup = A156AF7E2090606C0098BBDD /* Products */;
			projectDirPath = "";
			projectRoot = "";
			targets = (
				A156AF7C2090606C0098BBDD /* Twig */,
				A156AF902090606D0098BBDD /* TwigTests */,
				A156AF9B2090606D0098BBDD /* TwigUITests */,
			);
		};
/* End PBXProject section */

/* Begin PBXResourcesBuildPhase section */
		A156AF7B2090606C0098BBDD /* Resources */ = {
			isa = PBXResourcesBuildPhase;
			buildActionMask = 2147483647;
			files = (
				A189EA742091E4F300DB0559 /* Markdown.css in Resources */,
				A19828BC20DBC2AA008C2364 /* scanners.re in Resources */,
				A156AF872090606C0098BBDD /* Assets.xcassets in Resources */,
				A1FD269A20932CDD004D1C95 /* highlight-js in Resources */,
				A156AF8A2090606D0098BBDD /* Main.storyboard in Resources */,
				A19828B820DBC2AA008C2364 /* LICENSE in Resources */,
				A19828E520DBC2AA008C2364 /* Info.plist in Resources */,
			);
			runOnlyForDeploymentPostprocessing = 0;
		};
		A156AF8F2090606D0098BBDD /* Resources */ = {
			isa = PBXResourcesBuildPhase;
			buildActionMask = 2147483647;
			files = (
			);
			runOnlyForDeploymentPostprocessing = 0;
		};
		A156AF9A2090606D0098BBDD /* Resources */ = {
			isa = PBXResourcesBuildPhase;
			buildActionMask = 2147483647;
			files = (
			);
			runOnlyForDeploymentPostprocessing = 0;
		};
/* End PBXResourcesBuildPhase section */

/* Begin PBXShellScriptBuildPhase section */
		1C9E57CBD9210A5F16D7F6F9 /* [CP] Check Pods Manifest.lock */ = {
			isa = PBXShellScriptBuildPhase;
			buildActionMask = 2147483647;
			files = (
			);
			inputPaths = (
				"${PODS_PODFILE_DIR_PATH}/Podfile.lock",
				"${PODS_ROOT}/Manifest.lock",
			);
			name = "[CP] Check Pods Manifest.lock";
			outputPaths = (
				"$(DERIVED_FILE_DIR)/Pods-Twig-checkManifestLockResult.txt",
			);
			runOnlyForDeploymentPostprocessing = 0;
			shellPath = /bin/sh;
			shellScript = "diff \"${PODS_PODFILE_DIR_PATH}/Podfile.lock\" \"${PODS_ROOT}/Manifest.lock\" > /dev/null\nif [ $? != 0 ] ; then\n    # print error to STDERR\n    echo \"error: The sandbox is not in sync with the Podfile.lock. Run 'pod install' or update your CocoaPods installation.\" >&2\n    exit 1\nfi\n# This output is used by Xcode 'outputs' to avoid re-running this script phase.\necho \"SUCCESS\" > \"${SCRIPT_OUTPUT_FILE_0}\"\n";
			showEnvVarsInLog = 0;
		};
		51CE2BB76FF74BE199796301 /* [CP] Embed Pods Frameworks */ = {
			isa = PBXShellScriptBuildPhase;
			buildActionMask = 2147483647;
			files = (
			);
			inputPaths = (
				"${SRCROOT}/Pods/Target Support Files/Pods-Twig/Pods-Twig-frameworks.sh",
				"${BUILT_PRODUCTS_DIR}/Highlightr/Highlightr.framework",
			);
			name = "[CP] Embed Pods Frameworks";
			outputPaths = (
				"${TARGET_BUILD_DIR}/${FRAMEWORKS_FOLDER_PATH}/Highlightr.framework",
			);
			runOnlyForDeploymentPostprocessing = 0;
			shellPath = /bin/sh;
			shellScript = "\"${SRCROOT}/Pods/Target Support Files/Pods-Twig/Pods-Twig-frameworks.sh\"\n";
			showEnvVarsInLog = 0;
		};
		A185F49520DE4E55000B9D44 /* ShellScript */ = {
			isa = PBXShellScriptBuildPhase;
			buildActionMask = 2147483647;
			files = (
			);
			inputFileListPaths = (
			);
			inputPaths = (
			);
			outputFileListPaths = (
			);
			outputPaths = (
			);
			runOnlyForDeploymentPostprocessing = 0;
			shellPath = /bin/sh;
			shellScript = "if which swiftlint >/dev/null; then\n  swiftlint\nelse\n  echo \"warning: SwiftLint not installed, download from https://github.com/realm/SwiftLint\"\nfi\n";
		};
/* End PBXShellScriptBuildPhase section */

/* Begin PBXSourcesBuildPhase section */
		A156AF792090606C0098BBDD /* Sources */ = {
			isa = PBXSourcesBuildPhase;
			buildActionMask = 2147483647;
			files = (
				A19828C220DBC2AA008C2364 /* table.c in Sources */,
				A18A040A20958EB6006F6B99 /* Int+Extension.swift in Sources */,
				A19828B520DBC2AA008C2364 /* TextElement.swift in Sources */,
				A156AF832090606C0098BBDD /* MarkdownViewController.swift in Sources */,
				A19828C720DBC2AA008C2364 /* syntax_extension.c in Sources */,
				A19828DD20DBC2AA008C2364 /* node.c in Sources */,
				A19828BB20DBC2AA008C2364 /* cmark.c in Sources */,
				A19828D720DBC2AA008C2364 /* plugin.c in Sources */,
				A148C3A020914F0F00B1165C /* SyntaxThemes.swift in Sources */,
				A19828D620DBC2AA008C2364 /* html.c in Sources */,
				A19828D020DBC2AA008C2364 /* render.c in Sources */,
				A156AFAF209061D60098BBDD /* WindowController.swift in Sources */,
				A148C3A22091522C00B1165C /* PreferencesViewController.swift in Sources */,
				A1C65FB920DE2CEE00326C60 /* SaveError+Extension.swift in Sources */,
				A19828CD20DBC2AA008C2364 /* plaintext.c in Sources */,
				A19828DC20DBC2AA008C2364 /* registry.c in Sources */,
				A19828D920DBC2AA008C2364 /* footnotes.c in Sources */,
				A13C23FC20919672008557D0 /* PreviewViewController.swift in Sources */,
				A19828C420DBC2AA008C2364 /* mention.c in Sources */,
				A19828BE20DBC2AA008C2364 /* buffer.c in Sources */,
				A19828E020DBC2AA008C2364 /* ASTOperations.swift in Sources */,
				A13C23FA209167F0008557D0 /* NSColor+Extension.swift in Sources */,
				A19828C820DBC2AA008C2364 /* case_fold_switch.h in Sources */,
				A19828CE20DBC2AA008C2364 /* utf8.c in Sources */,
				A182096E20919F6000016AD5 /* HTML.swift in Sources */,
				A1C65FB620DE2B0D00326C60 /* Alert.swift in Sources */,
				A127E32020DF13FA00E13795 /* OpenDocuments.swift in Sources */,
				A156AFB120908ECE0098BBDD /* Theme.swift in Sources */,
				A19828B920DBC2AA008C2364 /* xml.c in Sources */,
				A19828D820DBC2AA008C2364 /* scanners.c in Sources */,
				A19828E620DBC2AA008C2364 /* Node.swift in Sources */,
				A19828CC20DBC2AA008C2364 /* houdini_html_e.c in Sources */,
				A19828E320DBC2AA008C2364 /* Block+ListElement.swift in Sources */,
				A19828E420DBC2AA008C2364 /* Block+TextElement.swift in Sources */,
				A19828E120DBC2AA008C2364 /* Node+Elements.swift in Sources */,
				A19828C920DBC2AA008C2364 /* entities.h in Sources */,
				A19828DA20DBC2AA008C2364 /* checkbox.c in Sources */,
				A18A040820958C8B006F6B99 /* Preferences.swift in Sources */,
				A19828DF20DBC2AA008C2364 /* Element.swift in Sources */,
				A19828B620DBC2AA008C2364 /* Block+TableRow.swift in Sources */,
				A19828DE20DBC2AA008C2364 /* core-extensions.c in Sources */,
				A19828BD20DBC2AA008C2364 /* man.c in Sources */,
				A19828C620DBC2AA008C2364 /* houdini_href_e.c in Sources */,
				A19828CA20DBC2AA008C2364 /* ext_scanners.c in Sources */,
				A1F122DF20DE0D27007DFD1A /* FileSaver.swift in Sources */,
				A19828C120DBC2AA008C2364 /* cmark_ctype.c in Sources */,
				A1682E87209097E700164D78 /* NSMutableAttributedString+Extension.swift in Sources */,
				A198047320DB64BA0066FDA6 /* MarkdownView.swift in Sources */,
				A19828E720DBC2AA008C2364 /* SwiftAST.swift in Sources */,
				A19828CF20DBC2AA008C2364 /* references.c in Sources */,
				A19828CB20DBC2AA008C2364 /* tagfilter.c in Sources */,
				A13C23F8209153E1008557D0 /* PreferencesWindowController.swift in Sources */,
				A18A0406209585C8006F6B99 /* Debouncer.swift in Sources */,
				A19828D220DBC2AA008C2364 /* arena.c in Sources */,
				A127E31E20DF0F8400E13795 /* SidebarViewController.swift in Sources */,
				A156AF812090606C0098BBDD /* AppDelegate.swift in Sources */,
				A19828B720DBC2AA008C2364 /* TableRow.swift in Sources */,
				A1E647DC20D1E9C000F32E55 /* EditorSplitView.swift in Sources */,
				A19828D120DBC2AA008C2364 /* iterator.c in Sources */,
				A19828C020DBC2AA008C2364 /* blocks.c in Sources */,
				A19828D520DBC2AA008C2364 /* map.c in Sources */,
				A106D59020DB56DA00880B7D /* MarkdownViewController+Extension.swift in Sources */,
				A19828BA20DBC2AA008C2364 /* strikethrough.c in Sources */,
				A19828C320DBC2AA008C2364 /* inlines.c in Sources */,
				A19828C520DBC2AA008C2364 /* latex.c in Sources */,
				A19828B420DBC2AA008C2364 /* ListElement.swift in Sources */,
				A19828BF20DBC2AA008C2364 /* autolink.c in Sources */,
				A19828D320DBC2AA008C2364 /* linked_list.c in Sources */,
				A19828DB20DBC2AA008C2364 /* houdini_html_u.c in Sources */,
				A198047520DB7B2E0066FDA6 /* NotificationCenter+Extension.swift in Sources */,
				A1D5466420D4D9CC00D1221A /* Exporter.swift in Sources */,
				A19828D420DBC2AA008C2364 /* commonmark.c in Sources */,
				A19828E220DBC2AA008C2364 /* Inline+TextElement.swift in Sources */,
				A156AF852090606C0098BBDD /* Document.swift in Sources */,
			);
			runOnlyForDeploymentPostprocessing = 0;
		};
		A156AF8D2090606D0098BBDD /* Sources */ = {
			isa = PBXSourcesBuildPhase;
			buildActionMask = 2147483647;
			files = (
				A156AF962090606D0098BBDD /* TwigTests.swift in Sources */,
			);
			runOnlyForDeploymentPostprocessing = 0;
		};
		A156AF982090606D0098BBDD /* Sources */ = {
			isa = PBXSourcesBuildPhase;
			buildActionMask = 2147483647;
			files = (
				A156AFA12090606D0098BBDD /* TwigUITests.swift in Sources */,
			);
			runOnlyForDeploymentPostprocessing = 0;
		};
/* End PBXSourcesBuildPhase section */

/* Begin PBXTargetDependency section */
		A156AF932090606D0098BBDD /* PBXTargetDependency */ = {
			isa = PBXTargetDependency;
			target = A156AF7C2090606C0098BBDD /* Twig */;
			targetProxy = A156AF922090606D0098BBDD /* PBXContainerItemProxy */;
		};
		A156AF9E2090606D0098BBDD /* PBXTargetDependency */ = {
			isa = PBXTargetDependency;
			target = A156AF7C2090606C0098BBDD /* Twig */;
			targetProxy = A156AF9D2090606D0098BBDD /* PBXContainerItemProxy */;
		};
/* End PBXTargetDependency section */

/* Begin PBXVariantGroup section */
		A156AF882090606D0098BBDD /* Main.storyboard */ = {
			isa = PBXVariantGroup;
			children = (
				A156AF892090606D0098BBDD /* Base */,
			);
			name = Main.storyboard;
			sourceTree = "<group>";
		};
/* End PBXVariantGroup section */

/* Begin XCBuildConfiguration section */
		A156AFA32090606D0098BBDD /* Debug */ = {
			isa = XCBuildConfiguration;
			buildSettings = {
				ALWAYS_SEARCH_USER_PATHS = NO;
				CLANG_ANALYZER_NONNULL = YES;
				CLANG_ANALYZER_NUMBER_OBJECT_CONVERSION = YES_AGGRESSIVE;
				CLANG_CXX_LANGUAGE_STANDARD = "gnu++14";
				CLANG_CXX_LIBRARY = "libc++";
				CLANG_ENABLE_MODULES = YES;
				CLANG_ENABLE_OBJC_ARC = YES;
				CLANG_ENABLE_OBJC_WEAK = YES;
				CLANG_WARN_BLOCK_CAPTURE_AUTORELEASING = YES;
				CLANG_WARN_BOOL_CONVERSION = YES;
				CLANG_WARN_COMMA = YES;
				CLANG_WARN_CONSTANT_CONVERSION = YES;
				CLANG_WARN_DEPRECATED_OBJC_IMPLEMENTATIONS = YES;
				CLANG_WARN_DIRECT_OBJC_ISA_USAGE = YES_ERROR;
				CLANG_WARN_DOCUMENTATION_COMMENTS = YES;
				CLANG_WARN_EMPTY_BODY = YES;
				CLANG_WARN_ENUM_CONVERSION = YES;
				CLANG_WARN_INFINITE_RECURSION = YES;
				CLANG_WARN_INT_CONVERSION = YES;
				CLANG_WARN_NON_LITERAL_NULL_CONVERSION = YES;
				CLANG_WARN_OBJC_IMPLICIT_RETAIN_SELF = YES;
				CLANG_WARN_OBJC_LITERAL_CONVERSION = YES;
				CLANG_WARN_OBJC_ROOT_CLASS = YES_ERROR;
				CLANG_WARN_RANGE_LOOP_ANALYSIS = YES;
				CLANG_WARN_STRICT_PROTOTYPES = YES;
				CLANG_WARN_SUSPICIOUS_MOVE = YES;
				CLANG_WARN_UNGUARDED_AVAILABILITY = YES_AGGRESSIVE;
				CLANG_WARN_UNREACHABLE_CODE = YES;
				CLANG_WARN__DUPLICATE_METHOD_MATCH = YES;
				CODE_SIGN_IDENTITY = "-";
				COPY_PHASE_STRIP = NO;
				DEBUG_INFORMATION_FORMAT = dwarf;
				ENABLE_STRICT_OBJC_MSGSEND = YES;
				ENABLE_TESTABILITY = YES;
				GCC_C_LANGUAGE_STANDARD = gnu11;
				GCC_DYNAMIC_NO_PIC = NO;
				GCC_NO_COMMON_BLOCKS = YES;
				GCC_OPTIMIZATION_LEVEL = 0;
				GCC_PREPROCESSOR_DEFINITIONS = (
					"DEBUG=1",
					"$(inherited)",
				);
				GCC_WARN_64_TO_32_BIT_CONVERSION = YES;
				GCC_WARN_ABOUT_RETURN_TYPE = YES_ERROR;
				GCC_WARN_UNDECLARED_SELECTOR = YES;
				GCC_WARN_UNINITIALIZED_AUTOS = YES_AGGRESSIVE;
				GCC_WARN_UNUSED_FUNCTION = YES;
				GCC_WARN_UNUSED_VARIABLE = YES;
				MACOSX_DEPLOYMENT_TARGET = 10.13;
				MTL_ENABLE_DEBUG_INFO = YES;
				ONLY_ACTIVE_ARCH = YES;
				SDKROOT = macosx;
				SWIFT_ACTIVE_COMPILATION_CONDITIONS = DEBUG;
				SWIFT_INCLUDE_PATHS = "${SRCROOT}/Twig/Libraries/cmark-gfm-swift/cmark_gfm";
				SWIFT_OPTIMIZATION_LEVEL = "-Onone";
			};
			name = Debug;
		};
		A156AFA42090606D0098BBDD /* Release */ = {
			isa = XCBuildConfiguration;
			buildSettings = {
				ALWAYS_SEARCH_USER_PATHS = NO;
				CLANG_ANALYZER_NONNULL = YES;
				CLANG_ANALYZER_NUMBER_OBJECT_CONVERSION = YES_AGGRESSIVE;
				CLANG_CXX_LANGUAGE_STANDARD = "gnu++14";
				CLANG_CXX_LIBRARY = "libc++";
				CLANG_ENABLE_MODULES = YES;
				CLANG_ENABLE_OBJC_ARC = YES;
				CLANG_ENABLE_OBJC_WEAK = YES;
				CLANG_WARN_BLOCK_CAPTURE_AUTORELEASING = YES;
				CLANG_WARN_BOOL_CONVERSION = YES;
				CLANG_WARN_COMMA = YES;
				CLANG_WARN_CONSTANT_CONVERSION = YES;
				CLANG_WARN_DEPRECATED_OBJC_IMPLEMENTATIONS = YES;
				CLANG_WARN_DIRECT_OBJC_ISA_USAGE = YES_ERROR;
				CLANG_WARN_DOCUMENTATION_COMMENTS = YES;
				CLANG_WARN_EMPTY_BODY = YES;
				CLANG_WARN_ENUM_CONVERSION = YES;
				CLANG_WARN_INFINITE_RECURSION = YES;
				CLANG_WARN_INT_CONVERSION = YES;
				CLANG_WARN_NON_LITERAL_NULL_CONVERSION = YES;
				CLANG_WARN_OBJC_IMPLICIT_RETAIN_SELF = YES;
				CLANG_WARN_OBJC_LITERAL_CONVERSION = YES;
				CLANG_WARN_OBJC_ROOT_CLASS = YES_ERROR;
				CLANG_WARN_RANGE_LOOP_ANALYSIS = YES;
				CLANG_WARN_STRICT_PROTOTYPES = YES;
				CLANG_WARN_SUSPICIOUS_MOVE = YES;
				CLANG_WARN_UNGUARDED_AVAILABILITY = YES_AGGRESSIVE;
				CLANG_WARN_UNREACHABLE_CODE = YES;
				CLANG_WARN__DUPLICATE_METHOD_MATCH = YES;
				CODE_SIGN_IDENTITY = "-";
				COPY_PHASE_STRIP = NO;
				DEBUG_INFORMATION_FORMAT = "dwarf-with-dsym";
				ENABLE_NS_ASSERTIONS = NO;
				ENABLE_STRICT_OBJC_MSGSEND = YES;
				GCC_C_LANGUAGE_STANDARD = gnu11;
				GCC_NO_COMMON_BLOCKS = YES;
				GCC_WARN_64_TO_32_BIT_CONVERSION = YES;
				GCC_WARN_ABOUT_RETURN_TYPE = YES_ERROR;
				GCC_WARN_UNDECLARED_SELECTOR = YES;
				GCC_WARN_UNINITIALIZED_AUTOS = YES_AGGRESSIVE;
				GCC_WARN_UNUSED_FUNCTION = YES;
				GCC_WARN_UNUSED_VARIABLE = YES;
				MACOSX_DEPLOYMENT_TARGET = 10.13;
				MTL_ENABLE_DEBUG_INFO = NO;
				SDKROOT = macosx;
				SWIFT_COMPILATION_MODE = wholemodule;
				SWIFT_INCLUDE_PATHS = "${SRCROOT}/Twig/Libraries/cmark-gfm-swift/cmark_gfm";
				SWIFT_OPTIMIZATION_LEVEL = "-O";
			};
			name = Release;
		};
		A156AFA62090606D0098BBDD /* Debug */ = {
			isa = XCBuildConfiguration;
			baseConfigurationReference = B2BE6FC4D33EB0DD8E860B17 /* Pods-Twig.debug.xcconfig */;
			buildSettings = {
				ASSETCATALOG_COMPILER_APPICON_NAME = AppIcon;
				CODE_SIGN_ENTITLEMENTS = Twig/Twig.entitlements;
				CODE_SIGN_IDENTITY = "Mac Developer";
				CODE_SIGN_STYLE = Automatic;
				COMBINE_HIDPI_IMAGES = YES;
				DEVELOPMENT_TEAM = QY544RDL2W;
				FRAMEWORK_SEARCH_PATHS = (
					"$(inherited)",
					"$(PROJECT_DIR)/Twig",
				);
				INFOPLIST_FILE = Twig/Info.plist;
				LD_RUNPATH_SEARCH_PATHS = (
					"$(inherited)",
					"@executable_path/../Frameworks",
				);
				MACOSX_DEPLOYMENT_TARGET = 10.14;
				PRODUCT_BUNDLE_IDENTIFIER = io.github.lukakerr.Twig;
				PRODUCT_NAME = "$(TARGET_NAME)";
				PROVISIONING_PROFILE_SPECIFIER = "";
				SWIFT_VERSION = 4.2;
			};
			name = Debug;
		};
		A156AFA72090606D0098BBDD /* Release */ = {
			isa = XCBuildConfiguration;
			baseConfigurationReference = DE61D6DEDFEA5C5AF04564BE /* Pods-Twig.release.xcconfig */;
			buildSettings = {
				ASSETCATALOG_COMPILER_APPICON_NAME = AppIcon;
				CODE_SIGN_ENTITLEMENTS = Twig/Twig.entitlements;
				CODE_SIGN_IDENTITY = "Mac Developer";
				CODE_SIGN_STYLE = Automatic;
				COMBINE_HIDPI_IMAGES = YES;
				DEVELOPMENT_TEAM = QY544RDL2W;
				FRAMEWORK_SEARCH_PATHS = (
					"$(inherited)",
					"$(PROJECT_DIR)/Twig",
				);
				INFOPLIST_FILE = Twig/Info.plist;
				LD_RUNPATH_SEARCH_PATHS = (
					"$(inherited)",
					"@executable_path/../Frameworks",
				);
				MACOSX_DEPLOYMENT_TARGET = 10.14;
				PRODUCT_BUNDLE_IDENTIFIER = io.github.lukakerr.Twig;
				PRODUCT_NAME = "$(TARGET_NAME)";
				PROVISIONING_PROFILE_SPECIFIER = "";
				SWIFT_VERSION = 4.2;
			};
			name = Release;
		};
		A156AFA92090606D0098BBDD /* Debug */ = {
			isa = XCBuildConfiguration;
			buildSettings = {
				ALWAYS_EMBED_SWIFT_STANDARD_LIBRARIES = YES;
				BUNDLE_LOADER = "$(TEST_HOST)";
				CODE_SIGN_STYLE = Automatic;
				COMBINE_HIDPI_IMAGES = YES;
				INFOPLIST_FILE = TwigTests/Info.plist;
				LD_RUNPATH_SEARCH_PATHS = (
					"$(inherited)",
					"@executable_path/../Frameworks",
					"@loader_path/../Frameworks",
				);
				MACOSX_DEPLOYMENT_TARGET = 10.14;
				PRODUCT_BUNDLE_IDENTIFIER = io.github.lukakerr.TwigTests;
				PRODUCT_NAME = "$(TARGET_NAME)";
				SWIFT_VERSION = 4.2;
				TEST_HOST = "$(BUILT_PRODUCTS_DIR)/Twig.app/Contents/MacOS/Twig";
			};
			name = Debug;
		};
		A156AFAA2090606D0098BBDD /* Release */ = {
			isa = XCBuildConfiguration;
			buildSettings = {
				ALWAYS_EMBED_SWIFT_STANDARD_LIBRARIES = YES;
				BUNDLE_LOADER = "$(TEST_HOST)";
				CODE_SIGN_STYLE = Automatic;
				COMBINE_HIDPI_IMAGES = YES;
				INFOPLIST_FILE = TwigTests/Info.plist;
				LD_RUNPATH_SEARCH_PATHS = (
					"$(inherited)",
					"@executable_path/../Frameworks",
					"@loader_path/../Frameworks",
				);
				MACOSX_DEPLOYMENT_TARGET = 10.14;
				PRODUCT_BUNDLE_IDENTIFIER = io.github.lukakerr.TwigTests;
				PRODUCT_NAME = "$(TARGET_NAME)";
				SWIFT_VERSION = 4.2;
				TEST_HOST = "$(BUILT_PRODUCTS_DIR)/Twig.app/Contents/MacOS/Twig";
			};
			name = Release;
		};
		A156AFAC2090606D0098BBDD /* Debug */ = {
			isa = XCBuildConfiguration;
			buildSettings = {
				ALWAYS_EMBED_SWIFT_STANDARD_LIBRARIES = YES;
				CODE_SIGN_STYLE = Automatic;
				COMBINE_HIDPI_IMAGES = YES;
				INFOPLIST_FILE = TwigUITests/Info.plist;
				LD_RUNPATH_SEARCH_PATHS = (
					"$(inherited)",
					"@executable_path/../Frameworks",
					"@loader_path/../Frameworks",
				);
				MACOSX_DEPLOYMENT_TARGET = 10.14;
				PRODUCT_BUNDLE_IDENTIFIER = io.github.lukakerr.TwigUITests;
				PRODUCT_NAME = "$(TARGET_NAME)";
				SWIFT_VERSION = 4.2;
				TEST_TARGET_NAME = Twig;
			};
			name = Debug;
		};
		A156AFAD2090606D0098BBDD /* Release */ = {
			isa = XCBuildConfiguration;
			buildSettings = {
				ALWAYS_EMBED_SWIFT_STANDARD_LIBRARIES = YES;
				CODE_SIGN_STYLE = Automatic;
				COMBINE_HIDPI_IMAGES = YES;
				INFOPLIST_FILE = TwigUITests/Info.plist;
				LD_RUNPATH_SEARCH_PATHS = (
					"$(inherited)",
					"@executable_path/../Frameworks",
					"@loader_path/../Frameworks",
				);
				MACOSX_DEPLOYMENT_TARGET = 10.14;
				PRODUCT_BUNDLE_IDENTIFIER = io.github.lukakerr.TwigUITests;
				PRODUCT_NAME = "$(TARGET_NAME)";
				SWIFT_VERSION = 4.2;
				TEST_TARGET_NAME = Twig;
			};
			name = Release;
		};
/* End XCBuildConfiguration section */

/* Begin XCConfigurationList section */
		A156AF782090606C0098BBDD /* Build configuration list for PBXProject "Twig" */ = {
			isa = XCConfigurationList;
			buildConfigurations = (
				A156AFA32090606D0098BBDD /* Debug */,
				A156AFA42090606D0098BBDD /* Release */,
			);
			defaultConfigurationIsVisible = 0;
			defaultConfigurationName = Release;
		};
		A156AFA52090606D0098BBDD /* Build configuration list for PBXNativeTarget "Twig" */ = {
			isa = XCConfigurationList;
			buildConfigurations = (
				A156AFA62090606D0098BBDD /* Debug */,
				A156AFA72090606D0098BBDD /* Release */,
			);
			defaultConfigurationIsVisible = 0;
			defaultConfigurationName = Release;
		};
		A156AFA82090606D0098BBDD /* Build configuration list for PBXNativeTarget "TwigTests" */ = {
			isa = XCConfigurationList;
			buildConfigurations = (
				A156AFA92090606D0098BBDD /* Debug */,
				A156AFAA2090606D0098BBDD /* Release */,
			);
			defaultConfigurationIsVisible = 0;
			defaultConfigurationName = Release;
		};
		A156AFAB2090606D0098BBDD /* Build configuration list for PBXNativeTarget "TwigUITests" */ = {
			isa = XCConfigurationList;
			buildConfigurations = (
				A156AFAC2090606D0098BBDD /* Debug */,
				A156AFAD2090606D0098BBDD /* Release */,
			);
			defaultConfigurationIsVisible = 0;
			defaultConfigurationName = Release;
		};
/* End XCConfigurationList section */
	};
	rootObject = A156AF752090606C0098BBDD /* Project object */;
}
